// !$*UTF8*$!
{
	archiveVersion = 1;
	classes = {
	};
	objectVersion = 77;
	objects = {

/* Begin PBXBuildFile section */
		00DB4217A078DC17FD451462 /* ChannelDetailView.swift in Sources */ = {isa = PBXBuildFile; fileRef = 9685947BA9F7F47948D0D9FD /* ChannelDetailView.swift */; };
		03DA54DAB6CB0C9146CF00DB /* ChatDetailTitleBar.swift in Sources */ = {isa = PBXBuildFile; fileRef = 2F3F9D645B6410E4BD1139FC /* ChatDetailTitleBar.swift */; };
		050786142A446599066C62D0 /* MacHover.swift in Sources */ = {isa = PBXBuildFile; fileRef = 1340F67554881C8FB0BC0BFA /* MacHover.swift */; };
		0992E140C62E0F3779B22A78 /* Models.swift in Sources */ = {isa = PBXBuildFile; fileRef = B70C13ECDA5B85E7FDEDB9D8 /* Models.swift */; };
		1002899F9F99F440D42DC48F /* GlassPill.swift in Sources */ = {isa = PBXBuildFile; fileRef = 24DA1766BE87B16368E73F58 /* GlassPill.swift */; };
		10832E2BD27509C69912DE76 /* ShareTokenStore.swift in Sources */ = {isa = PBXBuildFile; fileRef = BD425E44DCCAF06510180F2B /* ShareTokenStore.swift */; };
		1297F23217D80C72EB69A324 /* OneSignalExtension in Frameworks */ = {isa = PBXBuildFile; productRef = A804AE540868411FDE202E67 /* OneSignalExtension */; };
		15D2935141DC52D24193D42E /* MessageCache.swift in Sources */ = {isa = PBXBuildFile; fileRef = 59A17B5A12D4E5D6B5CB46D1 /* MessageCache.swift */; };
		1F64E756A95BD31E664AAEE9 /* Skeleton.swift in Sources */ = {isa = PBXBuildFile; fileRef = 3B4A00E4129ED6DF739E1ACB /* Skeleton.swift */; };
		20081E843BE3E3BDF5E07E25 /* NotificationsView.swift in Sources */ = {isa = PBXBuildFile; fileRef = 0EB0A8D1679C114641C9DB57 /* NotificationsView.swift */; };
		23DA5097E24D54E366575F0C /* BlockStore.swift in Sources */ = {isa = PBXBuildFile; fileRef = 96C7DB031D380DE22F80C960 /* BlockStore.swift */; };
		2591225956282BB3140C8446 /* ForwardSheet.swift in Sources */ = {isa = PBXBuildFile; fileRef = 7A0AAC07BE23842F6B28DC04 /* ForwardSheet.swift */; };
		27D2E36C0F88847474346B66 /* InstantTooltip.swift in Sources */ = {isa = PBXBuildFile; fileRef = 2AFC776F8EAF46612FBA12D7 /* InstantTooltip.swift */; };
		2A4E2644658850573AD267CD /* ProfileView.swift in Sources */ = {isa = PBXBuildFile; fileRef = 8E987C78E04FD812B6372B42 /* ProfileView.swift */; };
		2A9935280A2FA6DB2275A27D /* RelativeTime.swift in Sources */ = {isa = PBXBuildFile; fileRef = 3255839AE4B52EEE916274AF /* RelativeTime.swift */; };
		2C8169E0DC4D00EE13E46120 /* Intents.framework in Frameworks */ = {isa = PBXBuildFile; fileRef = DA91A2CC0ACF49DD840C13FF /* Intents.framework */; };
		301A8A5BBE220BDAD5E67750 /* Geist-Regular.ttf in Resources */ = {isa = PBXBuildFile; fileRef = 8A624F25A8589989F02FE384 /* Geist-Regular.ttf */; };
		30B5B529C093F9BC6611C3B4 /* MacReadableWidth.swift in Sources */ = {isa = PBXBuildFile; fileRef = 4DBC8FEE623A8B5FB4BDFFBC /* MacReadableWidth.swift */; };
		345DAB43FC963AC5DC04D6F6 /* ConversationsListView.swift in Sources */ = {isa = PBXBuildFile; fileRef = A16BA9650859D21117E8FF1B /* ConversationsListView.swift */; };
		373D74BE3BC0816A5C64EE10 /* MacEscapeToHome.swift in Sources */ = {isa = PBXBuildFile; fileRef = 73F09F948E748AEF5080DB1B /* MacEscapeToHome.swift */; };
		37506F82CD9AC83736AEFDF5 /* ShareAPI.swift in Sources */ = {isa = PBXBuildFile; fileRef = 449D98B405970A2AF05994F1 /* ShareAPI.swift */; };
		38D52553E01E93DC2FA83451 /* Haptics.swift in Sources */ = {isa = PBXBuildFile; fileRef = 2D5340BD447D966282E2E67D /* Haptics.swift */; };
		3909D707CE694EBAD50CE7FC /* SeenAvatarWithTooltip.swift in Sources */ = {isa = PBXBuildFile; fileRef = 9BD8099D1B297E089FD9BEDE /* SeenAvatarWithTooltip.swift */; };
		3BA9299D99680C847870AF56 /* FirebaseCrashlytics in Frameworks */ = {isa = PBXBuildFile; productRef = 94DB191CAB3D64BF34D900B3 /* FirebaseCrashlytics */; };
		3BB278E3A94069839823436D /* ImageCropSheet.swift in Sources */ = {isa = PBXBuildFile; fileRef = 40DB657ADF1F6FC16C8A2BA9 /* ImageCropSheet.swift */; };
		42CD53F46D0C85A66271982E /* OneSignalFramework in Frameworks */ = {isa = PBXBuildFile; productRef = 37D9D440E2615CB0D8C2247A /* OneSignalFramework */; };
		42ECF6E4F91ED322D0B563F0 /* FollowingView.swift in Sources */ = {isa = PBXBuildFile; fileRef = 4BC0F97726C2E12C5EF27207 /* FollowingView.swift */; };
		493EC828CF5A4FC4D3D185BD /* EmojiPickerSheet.swift in Sources */ = {isa = PBXBuildFile; fileRef = 4ED56669CED0DEE797EABF78 /* EmojiPickerSheet.swift */; };
		494D3D00F4249ABA940FC7E0 /* RootView.swift in Sources */ = {isa = PBXBuildFile; fileRef = 0A64D83F5578E057CF2F6A03 /* RootView.swift */; };
		4BC3E5401B7248FA52B0CB26 /* AppsFlyerLib in Frameworks */ = {isa = PBXBuildFile; productRef = BC2B90ECA96F101778114ECA /* AppsFlyerLib */; };
		4F15046CCB7A9CA0952031AB /* AnalyticsTracker.swift in Sources */ = {isa = PBXBuildFile; fileRef = 9946C8E877CD39F30375750D /* AnalyticsTracker.swift */; };
		4FB18A5937E48A0AF3923739 /* PinnedMessagesSheet.swift in Sources */ = {isa = PBXBuildFile; fileRef = C31727F6BC2344EA5D9005D3 /* PinnedMessagesSheet.swift */; };
		531DEE508D58C8A62DB94393 /* FacebookCore in Frameworks */ = {isa = PBXBuildFile; productRef = 47DE335175F71C2369260202 /* FacebookCore */; };
		54503540CFF2CBDF6CCAE91C /* LinkPreviewCard.swift in Sources */ = {isa = PBXBuildFile; fileRef = DD43FE561D7FEFCB9BF2702C /* LinkPreviewCard.swift */; };
		58199F8143B92FCDE3214FB8 /* ChatViewModel.swift in Sources */ = {isa = PBXBuildFile; fileRef = 2679A8A97AA258DB81818FF2 /* ChatViewModel.swift */; };
		60D610D3E81196FD29EADE83 /* AppRouter.swift in Sources */ = {isa = PBXBuildFile; fileRef = 6F911D72B3577520347C7A25 /* AppRouter.swift */; };
		633B7848AFE04D7B0D1939B2 /* LinkGithubBanner.swift in Sources */ = {isa = PBXBuildFile; fileRef = D0108E6ED2C630F572A0C5F9 /* LinkGithubBanner.swift */; };
		654B9A9D39D48AB87373AA1F /* Routes.swift in Sources */ = {isa = PBXBuildFile; fileRef = A066E307A07B247124125B04 /* Routes.swift */; };
		65688DB89206F6C3903BB1AD /* SeenBySheet.swift in Sources */ = {isa = PBXBuildFile; fileRef = 170CC226995548D4A03863C3 /* SeenBySheet.swift */; };
		69AEAFD3B68278AC0518960C /* Geist-Black.ttf in Resources */ = {isa = PBXBuildFile; fileRef = 6E57C30BA465BAC85D5F1F79 /* Geist-Black.ttf */; };
		6A681AB119ADE4EC7A54FE9B /* MessageSearchSheet.swift in Sources */ = {isa = PBXBuildFile; fileRef = 781AD42CB2F6BD7F8C084678 /* MessageSearchSheet.swift */; };
		6A83C80ACE6BC89DBF0D3C81 /* MessageBubble.swift in Sources */ = {isa = PBXBuildFile; fileRef = DE2F21B2C49829CF682C71EB /* MessageBubble.swift */; };
		6C48CFFBB6D004E3EF124CE3 /* SocketIO in Frameworks */ = {isa = PBXBuildFile; productRef = E40E297012AF55791D27B93E /* SocketIO */; };
		6E8E6B2E139735239E900101 /* Geist-Bold.ttf in Resources */ = {isa = PBXBuildFile; fileRef = C300A84467231D3D6475F5E0 /* Geist-Bold.ttf */; };
		72904A9C6CF0DFE0FB701B4A /* FirebaseAnalytics in Frameworks */ = {isa = PBXBuildFile; productRef = 0D901FD3DEDEAE2E93D384DD /* FirebaseAnalytics */; };
		72F26E42CF9099BA1A6CEC36 /* Assets.xcassets in Resources */ = {isa = PBXBuildFile; fileRef = F7E0D975F7A5F9F05AE4C937 /* Assets.xcassets */; };
		759EC50B1952C367FC53F63A /* SystemMessageRow.swift in Sources */ = {isa = PBXBuildFile; fileRef = C52A3C804970611E07FF79D0 /* SystemMessageRow.swift */; };
		76A2320B8D73680FE87405B3 /* SocketClient.swift in Sources */ = {isa = PBXBuildFile; fileRef = CA25F2BA4BC86A0256C4C1DD /* SocketClient.swift */; };
		79E4A5DE2ACFB58124D5BB7A /* ImageDownloader.swift in Sources */ = {isa = PBXBuildFile; fileRef = DC8B403BD6EAA7FADB23F9B5 /* ImageDownloader.swift */; };
		80C07FFED87C334C9E6943FF /* NotificationService.swift in Sources */ = {isa = PBXBuildFile; fileRef = 500978A5175704DEC944236B /* NotificationService.swift */; };
		84444B1C46F03AC10E764DAC /* CachedAsyncImage.swift in Sources */ = {isa = PBXBuildFile; fileRef = 36F06688A6AEFA05D9DA56B8 /* CachedAsyncImage.swift */; };
		875CBDD4A2B05627C889CFF4 /* OneSignalNotificationServiceExtension.appex in Embed Foundation Extensions */ = {isa = PBXBuildFile; fileRef = 814371E84F8A6EAD61136BE2 /* OneSignalNotificationServiceExtension.appex */; platformFilter = ios; settings = {ATTRIBUTES = (CodeSignOnCopy, RemoveHeadersOnCopy, ); }; };
		87F1CB4EFE6D24FE348C379A /* ConversationsCache.swift in Sources */ = {isa = PBXBuildFile; fileRef = 44CB898980AE4010FDBE8070 /* ConversationsCache.swift */; };
		8AD5EE1720D14E153C09F5BA /* StoreManager.swift in Sources */ = {isa = PBXBuildFile; fileRef = B07857501623E25CD298B606 /* StoreManager.swift */; };
		8EC49E171B11904ED31ED2C4 /* ChatSkeleton.swift in Sources */ = {isa = PBXBuildFile; fileRef = 5DA6355A70C27DBE9EA3F912 /* ChatSkeleton.swift */; };
		9791D54113091049E987F845 /* TeamsView.swift in Sources */ = {isa = PBXBuildFile; fileRef = 26A8CA3FAE6FECDD21D16265 /* TeamsView.swift */; };
		97BEFA46F74B25582C9B5E6A /* ExploreSheet.swift in Sources */ = {isa = PBXBuildFile; fileRef = 1171C3E5B7CAEFCD3F9C388C /* ExploreSheet.swift */; };
		9911E286944B2E5A0B5817D6 /* ChatBackground.swift in Sources */ = {isa = PBXBuildFile; fileRef = 0FAC444597FF8A45EB8294EC /* ChatBackground.swift */; };
		999E1B7961171663AD703952 /* SignInView.swift in Sources */ = {isa = PBXBuildFile; fileRef = FD6CCF4AEE7A8295F6F1D9FD /* SignInView.swift */; };
		9DF1DFF3C3FA05419A2BE511 /* MembersSheet.swift in Sources */ = {isa = PBXBuildFile; fileRef = 1A933BC6AF41FEDCF2FCEB5F /* MembersSheet.swift */; };
		9FF34A6AA21F0417CEF2D2D5 /* ChannelsView.swift in Sources */ = {isa = PBXBuildFile; fileRef = A5D27D2F5A412D74F579504B /* ChannelsView.swift */; };
		A7396B793DDA8316A187E165 /* PresenceStore.swift in Sources */ = {isa = PBXBuildFile; fileRef = D1257724417C399DFA806F4A /* PresenceStore.swift */; };
		A834FFACC2EFD9215F4C6A3A /* ShareConfig.swift in Sources */ = {isa = PBXBuildFile; fileRef = 46DAB3DF885FFD1C9FC46733 /* ShareConfig.swift */; };
		A9CB0EEA7EC214D19D530910 /* PushManager.swift in Sources */ = {isa = PBXBuildFile; fileRef = 808AF0F70444427011FF450A /* PushManager.swift */; };
		AB75B64F86D9214FFC78C723 /* AddMemberSheet.swift in Sources */ = {isa = PBXBuildFile; fileRef = 1215054ABAC62F54D09E67A9 /* AddMemberSheet.swift */; };
		AB9FCA5C4BD98C40D7E5CC9C /* TypingIndicatorRow.swift in Sources */ = {isa = PBXBuildFile; fileRef = 71BF468C5E19762E01C9A603 /* TypingIndicatorRow.swift */; };
		AC3DF2D2EBA66464D53D71CC /* GitHubWebOAuth.swift in Sources */ = {isa = PBXBuildFile; fileRef = CE9078C15E5B9CC4441DCE26 /* GitHubWebOAuth.swift */; };
		AECA351FBDBD09565E295CA7 /* Config.swift in Sources */ = {isa = PBXBuildFile; fileRef = D1AC72B0B806B50EB64E82E8 /* Config.swift */; };
		B089CE1EDCE2E0EB3376D18E /* APIClient.swift in Sources */ = {isa = PBXBuildFile; fileRef = ED882894AD818DBFB0421E96 /* APIClient.swift */; };
		B7312742825A6973BA9FE86B /* AuthStore.swift in Sources */ = {isa = PBXBuildFile; fileRef = B9A44DB5595F253E8FA0F678 /* AuthStore.swift */; };
		B83DF2EEDFDD866D3AFE69E6 /* DesktopReturnToSend.swift in Sources */ = {isa = PBXBuildFile; fileRef = C3B4E0D7FC5BEBE8BD771C03 /* DesktopReturnToSend.swift */; };
		C17F6E3938CE1135ADF031BA /* ShareViewController.swift in Sources */ = {isa = PBXBuildFile; fileRef = F2AEBD410A03C01B0360E8B5 /* ShareViewController.swift */; };
		C5707AE9DCD25A6E076EA2E8 /* ImageViewerSheet.swift in Sources */ = {isa = PBXBuildFile; fileRef = DC7E871CD8B3B98D4064FC71 /* ImageViewerSheet.swift */; };
		C98522FBA2E4D5570269FF3C /* KeyboardHeight.swift in Sources */ = {isa = PBXBuildFile; fileRef = 0581BC792D393D25DB425CB4 /* KeyboardHeight.swift */; };
		CD8AD7132CAC90482CAD8C90 /* ChatDetailView.swift in Sources */ = {isa = PBXBuildFile; fileRef = DDDF70233C14FFDD5E7CB1A8 /* ChatDetailView.swift */; };
		D217FFA3516672466F57300D /* SyncingDotsLabel.swift in Sources */ = {isa = PBXBuildFile; fileRef = 17539A82EA8BDD61C6458F4F /* SyncingDotsLabel.swift */; };
		D2745DCC01B9FB447C2F6ABA /* SettingsView.swift in Sources */ = {isa = PBXBuildFile; fileRef = 9E6C6D62D2207B8EF522F851 /* SettingsView.swift */; };
		D3A3045A0F089C628A6E343D /* GitchatApp.swift in Sources */ = {isa = PBXBuildFile; fileRef = DE08A0DE3086C45434C3F914 /* GitchatApp.swift */; };
		D6F22BEEE3B7B425EE371B5A /* NewChatView.swift in Sources */ = {isa = PBXBuildFile; fileRef = 79D9DA88399CF4A4C8C4371F /* NewChatView.swift */; };
		DEA9CCB7625D47EC3D8A9A78 /* Toast.swift in Sources */ = {isa = PBXBuildFile; fileRef = FFB37F9F8D7D60BEB1494E05 /* Toast.swift */; };
		E64B7E1BDD32E7DE9A148EBD /* ShareRootView.swift in Sources */ = {isa = PBXBuildFile; fileRef = 1FF77661873F7ECBA61F6EEC /* ShareRootView.swift */; };
		EAD68B38CE7B44B3B0C1D31E /* Geist-SemiBold.ttf in Resources */ = {isa = PBXBuildFile; fileRef = F7537B4250B26209B8C7F03C /* Geist-SemiBold.ttf */; };
		EE5CBCE9BC27AF2BD66CB1FA /* GitchatShareExtension.appex in Embed Foundation Extensions */ = {isa = PBXBuildFile; fileRef = C3B238A579BDAC391159C493 /* GitchatShareExtension.appex */; platformFilter = ios; settings = {ATTRIBUTES = (CodeSignOnCopy, RemoveHeadersOnCopy, ); }; };
		F07EC6FF64615C4EC3A6BD5C /* SharePayload.swift in Sources */ = {isa = PBXBuildFile; fileRef = BA542FE64B1B825C0A997A08 /* SharePayload.swift */; };
		F12E71059065072ADB4108CA /* ReactorsSheet.swift in Sources */ = {isa = PBXBuildFile; fileRef = 2D243C68C74A2AC306A74DB8 /* ReactorsSheet.swift */; };
		F468BB4EB9F2D15D17EFA9A1 /* ChatCollectionView.swift in Sources */ = {isa = PBXBuildFile; fileRef = 3EA68A0F7BDA1DAF3632082F /* ChatCollectionView.swift */; };
		F5AF3001990D0A2322055850 /* SafariSheet.swift in Sources */ = {isa = PBXBuildFile; fileRef = 7E94D622A0735683786E43FF /* SafariSheet.swift */; };
		FD17AE5E8C8F0262357875CD /* UpgradeView.swift in Sources */ = {isa = PBXBuildFile; fileRef = 99301F77409640F810FB1F0D /* UpgradeView.swift */; };
		FE6B859A2C4C03A1997BE21A /* GoogleService-Info.plist in Resources */ = {isa = PBXBuildFile; fileRef = C572C41B826EC03433688B86 /* GoogleService-Info.plist */; };
/* End PBXBuildFile section */

/* Begin PBXContainerItemProxy section */
		20715C9AE127C9BAFAE25084 /* PBXContainerItemProxy */ = {
			isa = PBXContainerItemProxy;
			containerPortal = DE209328F4293473D3365D39 /* Project object */;
			proxyType = 1;
			remoteGlobalIDString = EB0765B7BFA48EC0AC25A5E6;
			remoteInfo = GitchatShareExtension;
		};
		F05CDA2F190907952F592C0C /* PBXContainerItemProxy */ = {
			isa = PBXContainerItemProxy;
			containerPortal = DE209328F4293473D3365D39 /* Project object */;
			proxyType = 1;
			remoteGlobalIDString = 6F43BFDA3F932B01CF0412E7;
			remoteInfo = OneSignalNotificationServiceExtension;
		};
/* End PBXContainerItemProxy section */

/* Begin PBXCopyFilesBuildPhase section */
		A9E912D26ED35979B30271EB /* Embed Foundation Extensions */ = {
			isa = PBXCopyFilesBuildPhase;
			buildActionMask = 2147483647;
			dstPath = "";
			dstSubfolderSpec = 13;
			files = (
				875CBDD4A2B05627C889CFF4 /* OneSignalNotificationServiceExtension.appex in Embed Foundation Extensions */,
				EE5CBCE9BC27AF2BD66CB1FA /* GitchatShareExtension.appex in Embed Foundation Extensions */,
			);
			name = "Embed Foundation Extensions";
			runOnlyForDeploymentPostprocessing = 0;
		};
/* End PBXCopyFilesBuildPhase section */

/* Begin PBXFileReference section */
		043204DC26642044739AFFED /* OneSignalNotificationServiceExtension.entitlements */ = {isa = PBXFileReference; lastKnownFileType = text.plist.entitlements; path = OneSignalNotificationServiceExtension.entitlements; sourceTree = "<group>"; };
		0581BC792D393D25DB425CB4 /* KeyboardHeight.swift */ = {isa = PBXFileReference; lastKnownFileType = sourcecode.swift; path = KeyboardHeight.swift; sourceTree = "<group>"; };
		0A64D83F5578E057CF2F6A03 /* RootView.swift */ = {isa = PBXFileReference; lastKnownFileType = sourcecode.swift; path = RootView.swift; sourceTree = "<group>"; };
		0EB0A8D1679C114641C9DB57 /* NotificationsView.swift */ = {isa = PBXFileReference; lastKnownFileType = sourcecode.swift; path = NotificationsView.swift; sourceTree = "<group>"; };
		0FAC444597FF8A45EB8294EC /* ChatBackground.swift */ = {isa = PBXFileReference; lastKnownFileType = sourcecode.swift; path = ChatBackground.swift; sourceTree = "<group>"; };
		1171C3E5B7CAEFCD3F9C388C /* ExploreSheet.swift */ = {isa = PBXFileReference; lastKnownFileType = sourcecode.swift; path = ExploreSheet.swift; sourceTree = "<group>"; };
		1215054ABAC62F54D09E67A9 /* AddMemberSheet.swift */ = {isa = PBXFileReference; lastKnownFileType = sourcecode.swift; path = AddMemberSheet.swift; sourceTree = "<group>"; };
		1340F67554881C8FB0BC0BFA /* MacHover.swift */ = {isa = PBXFileReference; lastKnownFileType = sourcecode.swift; path = MacHover.swift; sourceTree = "<group>"; };
		170CC226995548D4A03863C3 /* SeenBySheet.swift */ = {isa = PBXFileReference; lastKnownFileType = sourcecode.swift; path = SeenBySheet.swift; sourceTree = "<group>"; };
		17539A82EA8BDD61C6458F4F /* SyncingDotsLabel.swift */ = {isa = PBXFileReference; lastKnownFileType = sourcecode.swift; path = SyncingDotsLabel.swift; sourceTree = "<group>"; };
		1A933BC6AF41FEDCF2FCEB5F /* MembersSheet.swift */ = {isa = PBXFileReference; lastKnownFileType = sourcecode.swift; path = MembersSheet.swift; sourceTree = "<group>"; };
		1FF77661873F7ECBA61F6EEC /* ShareRootView.swift */ = {isa = PBXFileReference; lastKnownFileType = sourcecode.swift; path = ShareRootView.swift; sourceTree = "<group>"; };
		24DA1766BE87B16368E73F58 /* GlassPill.swift */ = {isa = PBXFileReference; lastKnownFileType = sourcecode.swift; path = GlassPill.swift; sourceTree = "<group>"; };
		2679A8A97AA258DB81818FF2 /* ChatViewModel.swift */ = {isa = PBXFileReference; lastKnownFileType = sourcecode.swift; path = ChatViewModel.swift; sourceTree = "<group>"; };
		26A8CA3FAE6FECDD21D16265 /* TeamsView.swift */ = {isa = PBXFileReference; lastKnownFileType = sourcecode.swift; path = TeamsView.swift; sourceTree = "<group>"; };
		2AFC776F8EAF46612FBA12D7 /* InstantTooltip.swift */ = {isa = PBXFileReference; lastKnownFileType = sourcecode.swift; path = InstantTooltip.swift; sourceTree = "<group>"; };
		2D243C68C74A2AC306A74DB8 /* ReactorsSheet.swift */ = {isa = PBXFileReference; lastKnownFileType = sourcecode.swift; path = ReactorsSheet.swift; sourceTree = "<group>"; };
		2D5340BD447D966282E2E67D /* Haptics.swift */ = {isa = PBXFileReference; lastKnownFileType = sourcecode.swift; path = Haptics.swift; sourceTree = "<group>"; };
		2F3F9D645B6410E4BD1139FC /* ChatDetailTitleBar.swift */ = {isa = PBXFileReference; lastKnownFileType = sourcecode.swift; path = ChatDetailTitleBar.swift; sourceTree = "<group>"; };
		3240F18DF11804D759392EA5 /* Info.plist */ = {isa = PBXFileReference; lastKnownFileType = text.plist; path = Info.plist; sourceTree = "<group>"; };
		3255839AE4B52EEE916274AF /* RelativeTime.swift */ = {isa = PBXFileReference; lastKnownFileType = sourcecode.swift; path = RelativeTime.swift; sourceTree = "<group>"; };
		36F06688A6AEFA05D9DA56B8 /* CachedAsyncImage.swift */ = {isa = PBXFileReference; lastKnownFileType = sourcecode.swift; path = CachedAsyncImage.swift; sourceTree = "<group>"; };
		3B4A00E4129ED6DF739E1ACB /* Skeleton.swift */ = {isa = PBXFileReference; lastKnownFileType = sourcecode.swift; path = Skeleton.swift; sourceTree = "<group>"; };
		3CC840DF62F0D52265D6C401 /* GitchatShareExtension.entitlements */ = {isa = PBXFileReference; lastKnownFileType = text.plist.entitlements; path = GitchatShareExtension.entitlements; sourceTree = "<group>"; };
		3EA68A0F7BDA1DAF3632082F /* ChatCollectionView.swift */ = {isa = PBXFileReference; lastKnownFileType = sourcecode.swift; path = ChatCollectionView.swift; sourceTree = "<group>"; };
		40DB657ADF1F6FC16C8A2BA9 /* ImageCropSheet.swift */ = {isa = PBXFileReference; lastKnownFileType = sourcecode.swift; path = ImageCropSheet.swift; sourceTree = "<group>"; };
		449D98B405970A2AF05994F1 /* ShareAPI.swift */ = {isa = PBXFileReference; lastKnownFileType = sourcecode.swift; path = ShareAPI.swift; sourceTree = "<group>"; };
		44CB898980AE4010FDBE8070 /* ConversationsCache.swift */ = {isa = PBXFileReference; lastKnownFileType = sourcecode.swift; path = ConversationsCache.swift; sourceTree = "<group>"; };
		46DAB3DF885FFD1C9FC46733 /* ShareConfig.swift */ = {isa = PBXFileReference; lastKnownFileType = sourcecode.swift; path = ShareConfig.swift; sourceTree = "<group>"; };
		4BC0F97726C2E12C5EF27207 /* FollowingView.swift */ = {isa = PBXFileReference; lastKnownFileType = sourcecode.swift; path = FollowingView.swift; sourceTree = "<group>"; };
		4DBC8FEE623A8B5FB4BDFFBC /* MacReadableWidth.swift */ = {isa = PBXFileReference; lastKnownFileType = sourcecode.swift; path = MacReadableWidth.swift; sourceTree = "<group>"; };
		4ED56669CED0DEE797EABF78 /* EmojiPickerSheet.swift */ = {isa = PBXFileReference; lastKnownFileType = sourcecode.swift; path = EmojiPickerSheet.swift; sourceTree = "<group>"; };
		500978A5175704DEC944236B /* NotificationService.swift */ = {isa = PBXFileReference; lastKnownFileType = sourcecode.swift; path = NotificationService.swift; sourceTree = "<group>"; };
		59A17B5A12D4E5D6B5CB46D1 /* MessageCache.swift */ = {isa = PBXFileReference; lastKnownFileType = sourcecode.swift; path = MessageCache.swift; sourceTree = "<group>"; };
		5B23801FC790B492B964A84F /* Info.plist */ = {isa = PBXFileReference; lastKnownFileType = text.plist; path = Info.plist; sourceTree = "<group>"; };
		5DA6355A70C27DBE9EA3F912 /* ChatSkeleton.swift */ = {isa = PBXFileReference; lastKnownFileType = sourcecode.swift; path = ChatSkeleton.swift; sourceTree = "<group>"; };
		653BEFDD6BDC71148D0887E5 /* GitchatIOS.app */ = {isa = PBXFileReference; includeInIndex = 0; lastKnownFileType = wrapper.application; path = GitchatIOS.app; sourceTree = BUILT_PRODUCTS_DIR; };
		6E57C30BA465BAC85D5F1F79 /* Geist-Black.ttf */ = {isa = PBXFileReference; lastKnownFileType = file; path = "Geist-Black.ttf"; sourceTree = "<group>"; };
		6F911D72B3577520347C7A25 /* AppRouter.swift */ = {isa = PBXFileReference; lastKnownFileType = sourcecode.swift; path = AppRouter.swift; sourceTree = "<group>"; };
		71BF468C5E19762E01C9A603 /* TypingIndicatorRow.swift */ = {isa = PBXFileReference; lastKnownFileType = sourcecode.swift; path = TypingIndicatorRow.swift; sourceTree = "<group>"; };
		73F09F948E748AEF5080DB1B /* MacEscapeToHome.swift */ = {isa = PBXFileReference; lastKnownFileType = sourcecode.swift; path = MacEscapeToHome.swift; sourceTree = "<group>"; };
		781AD42CB2F6BD7F8C084678 /* MessageSearchSheet.swift */ = {isa = PBXFileReference; lastKnownFileType = sourcecode.swift; path = MessageSearchSheet.swift; sourceTree = "<group>"; };
		79D9DA88399CF4A4C8C4371F /* NewChatView.swift */ = {isa = PBXFileReference; lastKnownFileType = sourcecode.swift; path = NewChatView.swift; sourceTree = "<group>"; };
		7A0AAC07BE23842F6B28DC04 /* ForwardSheet.swift */ = {isa = PBXFileReference; lastKnownFileType = sourcecode.swift; path = ForwardSheet.swift; sourceTree = "<group>"; };
		7E94D622A0735683786E43FF /* SafariSheet.swift */ = {isa = PBXFileReference; lastKnownFileType = sourcecode.swift; path = SafariSheet.swift; sourceTree = "<group>"; };
		808AF0F70444427011FF450A /* PushManager.swift */ = {isa = PBXFileReference; lastKnownFileType = sourcecode.swift; path = PushManager.swift; sourceTree = "<group>"; };
		814371E84F8A6EAD61136BE2 /* OneSignalNotificationServiceExtension.appex */ = {isa = PBXFileReference; includeInIndex = 0; lastKnownFileType = "wrapper.app-extension"; path = OneSignalNotificationServiceExtension.appex; sourceTree = BUILT_PRODUCTS_DIR; };
		8A624F25A8589989F02FE384 /* Geist-Regular.ttf */ = {isa = PBXFileReference; lastKnownFileType = file; path = "Geist-Regular.ttf"; sourceTree = "<group>"; };
		8E987C78E04FD812B6372B42 /* ProfileView.swift */ = {isa = PBXFileReference; lastKnownFileType = sourcecode.swift; path = ProfileView.swift; sourceTree = "<group>"; };
		9685947BA9F7F47948D0D9FD /* ChannelDetailView.swift */ = {isa = PBXFileReference; lastKnownFileType = sourcecode.swift; path = ChannelDetailView.swift; sourceTree = "<group>"; };
		96C7DB031D380DE22F80C960 /* BlockStore.swift */ = {isa = PBXFileReference; lastKnownFileType = sourcecode.swift; path = BlockStore.swift; sourceTree = "<group>"; };
		99301F77409640F810FB1F0D /* UpgradeView.swift */ = {isa = PBXFileReference; lastKnownFileType = sourcecode.swift; path = UpgradeView.swift; sourceTree = "<group>"; };
		9946C8E877CD39F30375750D /* AnalyticsTracker.swift */ = {isa = PBXFileReference; lastKnownFileType = sourcecode.swift; path = AnalyticsTracker.swift; sourceTree = "<group>"; };
		9BD8099D1B297E089FD9BEDE /* SeenAvatarWithTooltip.swift */ = {isa = PBXFileReference; lastKnownFileType = sourcecode.swift; path = SeenAvatarWithTooltip.swift; sourceTree = "<group>"; };
		9E6C6D62D2207B8EF522F851 /* SettingsView.swift */ = {isa = PBXFileReference; lastKnownFileType = sourcecode.swift; path = SettingsView.swift; sourceTree = "<group>"; };
		A066E307A07B247124125B04 /* Routes.swift */ = {isa = PBXFileReference; lastKnownFileType = sourcecode.swift; path = Routes.swift; sourceTree = "<group>"; };
		A16BA9650859D21117E8FF1B /* ConversationsListView.swift */ = {isa = PBXFileReference; lastKnownFileType = sourcecode.swift; path = ConversationsListView.swift; sourceTree = "<group>"; };
		A5D27D2F5A412D74F579504B /* ChannelsView.swift */ = {isa = PBXFileReference; lastKnownFileType = sourcecode.swift; path = ChannelsView.swift; sourceTree = "<group>"; };
		B07857501623E25CD298B606 /* StoreManager.swift */ = {isa = PBXFileReference; lastKnownFileType = sourcecode.swift; path = StoreManager.swift; sourceTree = "<group>"; };
		B558F48CABBE00017756E5FA /* GitchatIOS.entitlements */ = {isa = PBXFileReference; lastKnownFileType = text.plist.entitlements; path = GitchatIOS.entitlements; sourceTree = "<group>"; };
		B70C13ECDA5B85E7FDEDB9D8 /* Models.swift */ = {isa = PBXFileReference; lastKnownFileType = sourcecode.swift; path = Models.swift; sourceTree = "<group>"; };
		B9A44DB5595F253E8FA0F678 /* AuthStore.swift */ = {isa = PBXFileReference; lastKnownFileType = sourcecode.swift; path = AuthStore.swift; sourceTree = "<group>"; };
		BA542FE64B1B825C0A997A08 /* SharePayload.swift */ = {isa = PBXFileReference; lastKnownFileType = sourcecode.swift; path = SharePayload.swift; sourceTree = "<group>"; };
		BD425E44DCCAF06510180F2B /* ShareTokenStore.swift */ = {isa = PBXFileReference; lastKnownFileType = sourcecode.swift; path = ShareTokenStore.swift; sourceTree = "<group>"; };
		C300A84467231D3D6475F5E0 /* Geist-Bold.ttf */ = {isa = PBXFileReference; lastKnownFileType = file; path = "Geist-Bold.ttf"; sourceTree = "<group>"; };
		C31727F6BC2344EA5D9005D3 /* PinnedMessagesSheet.swift */ = {isa = PBXFileReference; lastKnownFileType = sourcecode.swift; path = PinnedMessagesSheet.swift; sourceTree = "<group>"; };
		C3B238A579BDAC391159C493 /* GitchatShareExtension.appex */ = {isa = PBXFileReference; includeInIndex = 0; lastKnownFileType = "wrapper.app-extension"; path = GitchatShareExtension.appex; sourceTree = BUILT_PRODUCTS_DIR; };
		C3B4E0D7FC5BEBE8BD771C03 /* DesktopReturnToSend.swift */ = {isa = PBXFileReference; lastKnownFileType = sourcecode.swift; path = DesktopReturnToSend.swift; sourceTree = "<group>"; };
		C52A3C804970611E07FF79D0 /* SystemMessageRow.swift */ = {isa = PBXFileReference; lastKnownFileType = sourcecode.swift; path = SystemMessageRow.swift; sourceTree = "<group>"; };
		C572C41B826EC03433688B86 /* GoogleService-Info.plist */ = {isa = PBXFileReference; lastKnownFileType = text.plist; path = "GoogleService-Info.plist"; sourceTree = "<group>"; };
		CA25F2BA4BC86A0256C4C1DD /* SocketClient.swift */ = {isa = PBXFileReference; lastKnownFileType = sourcecode.swift; path = SocketClient.swift; sourceTree = "<group>"; };
		CE9078C15E5B9CC4441DCE26 /* GitHubWebOAuth.swift */ = {isa = PBXFileReference; lastKnownFileType = sourcecode.swift; path = GitHubWebOAuth.swift; sourceTree = "<group>"; };
		D0108E6ED2C630F572A0C5F9 /* LinkGithubBanner.swift */ = {isa = PBXFileReference; lastKnownFileType = sourcecode.swift; path = LinkGithubBanner.swift; sourceTree = "<group>"; };
		D1257724417C399DFA806F4A /* PresenceStore.swift */ = {isa = PBXFileReference; lastKnownFileType = sourcecode.swift; path = PresenceStore.swift; sourceTree = "<group>"; };
		D1AC72B0B806B50EB64E82E8 /* Config.swift */ = {isa = PBXFileReference; lastKnownFileType = sourcecode.swift; path = Config.swift; sourceTree = "<group>"; };
		DA91A2CC0ACF49DD840C13FF /* Intents.framework */ = {isa = PBXFileReference; lastKnownFileType = wrapper.framework; name = Intents.framework; path = System/Library/Frameworks/Intents.framework; sourceTree = SDKROOT; };
		DC7E871CD8B3B98D4064FC71 /* ImageViewerSheet.swift */ = {isa = PBXFileReference; lastKnownFileType = sourcecode.swift; path = ImageViewerSheet.swift; sourceTree = "<group>"; };
		DC8B403BD6EAA7FADB23F9B5 /* ImageDownloader.swift */ = {isa = PBXFileReference; lastKnownFileType = sourcecode.swift; path = ImageDownloader.swift; sourceTree = "<group>"; };
		DD43FE561D7FEFCB9BF2702C /* LinkPreviewCard.swift */ = {isa = PBXFileReference; lastKnownFileType = sourcecode.swift; path = LinkPreviewCard.swift; sourceTree = "<group>"; };
		DDDF70233C14FFDD5E7CB1A8 /* ChatDetailView.swift */ = {isa = PBXFileReference; lastKnownFileType = sourcecode.swift; path = ChatDetailView.swift; sourceTree = "<group>"; };
		DE08A0DE3086C45434C3F914 /* GitchatApp.swift */ = {isa = PBXFileReference; lastKnownFileType = sourcecode.swift; path = GitchatApp.swift; sourceTree = "<group>"; };
		DE2F21B2C49829CF682C71EB /* MessageBubble.swift */ = {isa = PBXFileReference; lastKnownFileType = sourcecode.swift; path = MessageBubble.swift; sourceTree = "<group>"; };
		ED882894AD818DBFB0421E96 /* APIClient.swift */ = {isa = PBXFileReference; lastKnownFileType = sourcecode.swift; path = APIClient.swift; sourceTree = "<group>"; };
		F2AEBD410A03C01B0360E8B5 /* ShareViewController.swift */ = {isa = PBXFileReference; lastKnownFileType = sourcecode.swift; path = ShareViewController.swift; sourceTree = "<group>"; };
		F7537B4250B26209B8C7F03C /* Geist-SemiBold.ttf */ = {isa = PBXFileReference; lastKnownFileType = file; path = "Geist-SemiBold.ttf"; sourceTree = "<group>"; };
		F7E0D975F7A5F9F05AE4C937 /* Assets.xcassets */ = {isa = PBXFileReference; lastKnownFileType = folder.assetcatalog; path = Assets.xcassets; sourceTree = "<group>"; };
		FD6CCF4AEE7A8295F6F1D9FD /* SignInView.swift */ = {isa = PBXFileReference; lastKnownFileType = sourcecode.swift; path = SignInView.swift; sourceTree = "<group>"; };
		FE29B3507EA081EE81ACD1F8 /* Info.plist */ = {isa = PBXFileReference; lastKnownFileType = text.plist; path = Info.plist; sourceTree = "<group>"; };
		FFB37F9F8D7D60BEB1494E05 /* Toast.swift */ = {isa = PBXFileReference; lastKnownFileType = sourcecode.swift; path = Toast.swift; sourceTree = "<group>"; };
/* End PBXFileReference section */

/* Begin PBXFrameworksBuildPhase section */
		2AFBD2219A3304C09570CAA9 /* Frameworks */ = {
			isa = PBXFrameworksBuildPhase;
			buildActionMask = 2147483647;
			files = (
				6C48CFFBB6D004E3EF124CE3 /* SocketIO in Frameworks */,
				42CD53F46D0C85A66271982E /* OneSignalFramework in Frameworks */,
				72904A9C6CF0DFE0FB701B4A /* FirebaseAnalytics in Frameworks */,
				3BA9299D99680C847870AF56 /* FirebaseCrashlytics in Frameworks */,
				531DEE508D58C8A62DB94393 /* FacebookCore in Frameworks */,
				4BC3E5401B7248FA52B0CB26 /* AppsFlyerLib in Frameworks */,
			);
			runOnlyForDeploymentPostprocessing = 0;
		};
		805EC3D5548F8060DC6B1344 /* Frameworks */ = {
			isa = PBXFrameworksBuildPhase;
			buildActionMask = 2147483647;
			files = (
				1297F23217D80C72EB69A324 /* OneSignalExtension in Frameworks */,
				2C8169E0DC4D00EE13E46120 /* Intents.framework in Frameworks */,
			);
			runOnlyForDeploymentPostprocessing = 0;
		};
/* End PBXFrameworksBuildPhase section */

/* Begin PBXGroup section */
		04BB8D24F80DAEB8CB0C5EFA /* App */ = {
			isa = PBXGroup;
			children = (
				DE08A0DE3086C45434C3F914 /* GitchatApp.swift */,
				0A64D83F5578E057CF2F6A03 /* RootView.swift */,
			);
			path = App;
			sourceTree = "<group>";
		};
		0D9442EC8C4FC8F6B1095FEA /* GitchatIOS */ = {
			isa = PBXGroup;
			children = (
				B558F48CABBE00017756E5FA /* GitchatIOS.entitlements */,
				C572C41B826EC03433688B86 /* GoogleService-Info.plist */,
				3240F18DF11804D759392EA5 /* Info.plist */,
				04BB8D24F80DAEB8CB0C5EFA /* App */,
				75FD909FFC59E1A265FFE9D2 /* Core */,
				41D7B8A72A4FB679D5490E26 /* Features */,
				59A9E2D4E0748EA36E1FF340 /* Resources */,
			);
			path = GitchatIOS;
			sourceTree = "<group>";
		};
		11BFD39E94A0A078180EFEDE /* Fonts */ = {
			isa = PBXGroup;
			children = (
				6E57C30BA465BAC85D5F1F79 /* Geist-Black.ttf */,
				C300A84467231D3D6475F5E0 /* Geist-Bold.ttf */,
				8A624F25A8589989F02FE384 /* Geist-Regular.ttf */,
				F7537B4250B26209B8C7F03C /* Geist-SemiBold.ttf */,
			);
			path = Fonts;
			sourceTree = "<group>";
		};
		2984B6A01475141D53A662FB /* Realtime */ = {
			isa = PBXGroup;
			children = (
				CA25F2BA4BC86A0256C4C1DD /* SocketClient.swift */,
			);
			path = Realtime;
			sourceTree = "<group>";
		};
		2A42B2EB9D6FDB50D91854F8 = {
			isa = PBXGroup;
			children = (
				0D9442EC8C4FC8F6B1095FEA /* GitchatIOS */,
				BBFECFB08747D33409E0CDFA /* GitchatShareExtension */,
				6AD5976CDA709D12CBDE670A /* OneSignalNotificationServiceExtension */,
				BA7A14953E341B5C937325EA /* Frameworks */,
				4B29051015B57A682F6F111B /* Products */,
			);
			sourceTree = "<group>";
		};
		2BDB1DDBCE30F01E50C93399 /* Notifications */ = {
			isa = PBXGroup;
			children = (
				0EB0A8D1679C114641C9DB57 /* NotificationsView.swift */,
			);
			path = Notifications;
			sourceTree = "<group>";
		};
		41D7B8A72A4FB679D5490E26 /* Features */ = {
			isa = PBXGroup;
			children = (
				AC55E2D09F4D8690CB8B9E08 /* Auth */,
				C9FA730CA955F901CF2929EE /* Channels */,
				E32543862BA3EBB46378A148 /* Conversations */,
				5316F8D5B7050796AA6C4783 /* Following */,
				2BDB1DDBCE30F01E50C93399 /* Notifications */,
				56B988BC4A490DF85D6A3DEE /* Pro */,
				672BB95E9BFAF431639BC1FB /* Profile */,
				DE7E20654738CE7009B237F1 /* Teams */,
			);
			path = Features;
			sourceTree = "<group>";
		};
		4B29051015B57A682F6F111B /* Products */ = {
			isa = PBXGroup;
			children = (
				653BEFDD6BDC71148D0887E5 /* GitchatIOS.app */,
				C3B238A579BDAC391159C493 /* GitchatShareExtension.appex */,
				814371E84F8A6EAD61136BE2 /* OneSignalNotificationServiceExtension.appex */,
			);
			name = Products;
			sourceTree = "<group>";
		};
		4F135E0B180DB4FA449BF647 /* UI */ = {
			isa = PBXGroup;
			children = (
				6F911D72B3577520347C7A25 /* AppRouter.swift */,
				36F06688A6AEFA05D9DA56B8 /* CachedAsyncImage.swift */,
				2D5340BD447D966282E2E67D /* Haptics.swift */,
				DC8B403BD6EAA7FADB23F9B5 /* ImageDownloader.swift */,
				2AFC776F8EAF46612FBA12D7 /* InstantTooltip.swift */,
				0581BC792D393D25DB425CB4 /* KeyboardHeight.swift */,
				DD43FE561D7FEFCB9BF2702C /* LinkPreviewCard.swift */,
				73F09F948E748AEF5080DB1B /* MacEscapeToHome.swift */,
				1340F67554881C8FB0BC0BFA /* MacHover.swift */,
				4DBC8FEE623A8B5FB4BDFFBC /* MacReadableWidth.swift */,
				3255839AE4B52EEE916274AF /* RelativeTime.swift */,
				9BD8099D1B297E089FD9BEDE /* SeenAvatarWithTooltip.swift */,
				3B4A00E4129ED6DF739E1ACB /* Skeleton.swift */,
				FFB37F9F8D7D60BEB1494E05 /* Toast.swift */,
			);
			path = UI;
			sourceTree = "<group>";
		};
		5316F8D5B7050796AA6C4783 /* Following */ = {
			isa = PBXGroup;
			children = (
				1171C3E5B7CAEFCD3F9C388C /* ExploreSheet.swift */,
				4BC0F97726C2E12C5EF27207 /* FollowingView.swift */,
			);
			path = Following;
			sourceTree = "<group>";
		};
		56B988BC4A490DF85D6A3DEE /* Pro */ = {
			isa = PBXGroup;
			children = (
				99301F77409640F810FB1F0D /* UpgradeView.swift */,
			);
			path = Pro;
			sourceTree = "<group>";
		};
		59A9E2D4E0748EA36E1FF340 /* Resources */ = {
			isa = PBXGroup;
			children = (
				F7E0D975F7A5F9F05AE4C937 /* Assets.xcassets */,
				11BFD39E94A0A078180EFEDE /* Fonts */,
			);
			path = Resources;
			sourceTree = "<group>";
		};
		62AB9BB7FB15FBD0242CDC62 /* Networking */ = {
			isa = PBXGroup;
			children = (
				ED882894AD818DBFB0421E96 /* APIClient.swift */,
				B9A44DB5595F253E8FA0F678 /* AuthStore.swift */,
			);
			path = Networking;
			sourceTree = "<group>";
		};
		672BB95E9BFAF431639BC1FB /* Profile */ = {
			isa = PBXGroup;
			children = (
				8E987C78E04FD812B6372B42 /* ProfileView.swift */,
				9E6C6D62D2207B8EF522F851 /* SettingsView.swift */,
			);
			path = Profile;
			sourceTree = "<group>";
		};
		6AD5976CDA709D12CBDE670A /* OneSignalNotificationServiceExtension */ = {
			isa = PBXGroup;
			children = (
				FE29B3507EA081EE81ACD1F8 /* Info.plist */,
				500978A5175704DEC944236B /* NotificationService.swift */,
				043204DC26642044739AFFED /* OneSignalNotificationServiceExtension.entitlements */,
			);
			path = OneSignalNotificationServiceExtension;
			sourceTree = "<group>";
		};
		75FD909FFC59E1A265FFE9D2 /* Core */ = {
			isa = PBXGroup;
			children = (
				96C7DB031D380DE22F80C960 /* BlockStore.swift */,
				D1AC72B0B806B50EB64E82E8 /* Config.swift */,
				D1257724417C399DFA806F4A /* PresenceStore.swift */,
				808AF0F70444427011FF450A /* PushManager.swift */,
				B2EE5CBC6E98EC1E0991565A /* Analytics */,
				9F15F5366DF09B87DCD6B465 /* Models */,
				62AB9BB7FB15FBD0242CDC62 /* Networking */,
				2984B6A01475141D53A662FB /* Realtime */,
				7D374814E832CD239C7A4ED0 /* StoreKit */,
				4F135E0B180DB4FA449BF647 /* UI */,
			);
			path = Core;
			sourceTree = "<group>";
		};
		7D374814E832CD239C7A4ED0 /* StoreKit */ = {
			isa = PBXGroup;
			children = (
				B07857501623E25CD298B606 /* StoreManager.swift */,
			);
			path = StoreKit;
			sourceTree = "<group>";
		};
		9F15F5366DF09B87DCD6B465 /* Models */ = {
			isa = PBXGroup;
			children = (
				B70C13ECDA5B85E7FDEDB9D8 /* Models.swift */,
			);
			path = Models;
			sourceTree = "<group>";
		};
		AC55E2D09F4D8690CB8B9E08 /* Auth */ = {
			isa = PBXGroup;
			children = (
				CE9078C15E5B9CC4441DCE26 /* GitHubWebOAuth.swift */,
				D0108E6ED2C630F572A0C5F9 /* LinkGithubBanner.swift */,
				7E94D622A0735683786E43FF /* SafariSheet.swift */,
				FD6CCF4AEE7A8295F6F1D9FD /* SignInView.swift */,
			);
			path = Auth;
			sourceTree = "<group>";
		};
		B2EE5CBC6E98EC1E0991565A /* Analytics */ = {
			isa = PBXGroup;
			children = (
				9946C8E877CD39F30375750D /* AnalyticsTracker.swift */,
			);
			path = Analytics;
			sourceTree = "<group>";
		};
		BA7A14953E341B5C937325EA /* Frameworks */ = {
			isa = PBXGroup;
			children = (
				DA91A2CC0ACF49DD840C13FF /* Intents.framework */,
			);
			name = Frameworks;
			sourceTree = "<group>";
		};
		BBFECFB08747D33409E0CDFA /* GitchatShareExtension */ = {
			isa = PBXGroup;
			children = (
				3CC840DF62F0D52265D6C401 /* GitchatShareExtension.entitlements */,
				5B23801FC790B492B964A84F /* Info.plist */,
				449D98B405970A2AF05994F1 /* ShareAPI.swift */,
				46DAB3DF885FFD1C9FC46733 /* ShareConfig.swift */,
				BA542FE64B1B825C0A997A08 /* SharePayload.swift */,
				1FF77661873F7ECBA61F6EEC /* ShareRootView.swift */,
				BD425E44DCCAF06510180F2B /* ShareTokenStore.swift */,
				F2AEBD410A03C01B0360E8B5 /* ShareViewController.swift */,
			);
			path = GitchatShareExtension;
			sourceTree = "<group>";
		};
		C9FA730CA955F901CF2929EE /* Channels */ = {
			isa = PBXGroup;
			children = (
				9685947BA9F7F47948D0D9FD /* ChannelDetailView.swift */,
				A5D27D2F5A412D74F579504B /* ChannelsView.swift */,
			);
			path = Channels;
			sourceTree = "<group>";
		};
		D56E29712BD2BE0919147855 /* ChatDetail */ = {
			isa = PBXGroup;
			children = (
				1215054ABAC62F54D09E67A9 /* AddMemberSheet.swift */,
				0FAC444597FF8A45EB8294EC /* ChatBackground.swift */,
				3EA68A0F7BDA1DAF3632082F /* ChatCollectionView.swift */,
				2F3F9D645B6410E4BD1139FC /* ChatDetailTitleBar.swift */,
				5DA6355A70C27DBE9EA3F912 /* ChatSkeleton.swift */,
				2679A8A97AA258DB81818FF2 /* ChatViewModel.swift */,
				C3B4E0D7FC5BEBE8BD771C03 /* DesktopReturnToSend.swift */,
				4ED56669CED0DEE797EABF78 /* EmojiPickerSheet.swift */,
				7A0AAC07BE23842F6B28DC04 /* ForwardSheet.swift */,
				24DA1766BE87B16368E73F58 /* GlassPill.swift */,
				40DB657ADF1F6FC16C8A2BA9 /* ImageCropSheet.swift */,
				DC7E871CD8B3B98D4064FC71 /* ImageViewerSheet.swift */,
				1A933BC6AF41FEDCF2FCEB5F /* MembersSheet.swift */,
				DE2F21B2C49829CF682C71EB /* MessageBubble.swift */,
				59A17B5A12D4E5D6B5CB46D1 /* MessageCache.swift */,
				781AD42CB2F6BD7F8C084678 /* MessageSearchSheet.swift */,
				C31727F6BC2344EA5D9005D3 /* PinnedMessagesSheet.swift */,
				2D243C68C74A2AC306A74DB8 /* ReactorsSheet.swift */,
				A066E307A07B247124125B04 /* Routes.swift */,
				170CC226995548D4A03863C3 /* SeenBySheet.swift */,
				17539A82EA8BDD61C6458F4F /* SyncingDotsLabel.swift */,
				C52A3C804970611E07FF79D0 /* SystemMessageRow.swift */,
				71BF468C5E19762E01C9A603 /* TypingIndicatorRow.swift */,
			);
			path = ChatDetail;
			sourceTree = "<group>";
		};
		DE7E20654738CE7009B237F1 /* Teams */ = {
			isa = PBXGroup;
			children = (
				26A8CA3FAE6FECDD21D16265 /* TeamsView.swift */,
			);
			path = Teams;
			sourceTree = "<group>";
		};
		E32543862BA3EBB46378A148 /* Conversations */ = {
			isa = PBXGroup;
			children = (
				DDDF70233C14FFDD5E7CB1A8 /* ChatDetailView.swift */,
				44CB898980AE4010FDBE8070 /* ConversationsCache.swift */,
				A16BA9650859D21117E8FF1B /* ConversationsListView.swift */,
				79D9DA88399CF4A4C8C4371F /* NewChatView.swift */,
				D56E29712BD2BE0919147855 /* ChatDetail */,
			);
			path = Conversations;
			sourceTree = "<group>";
		};
/* End PBXGroup section */

/* Begin PBXNativeTarget section */
		15D7A7746C96C0D956D835DF /* GitchatIOS */ = {
			isa = PBXNativeTarget;
			buildConfigurationList = 26487D8E52E2520DB3B4C8C8 /* Build configuration list for PBXNativeTarget "GitchatIOS" */;
			buildPhases = (
				8CDDD9207D4516957F4C6D6B /* Sources */,
				B3A3CE17CC142D96B4213C39 /* Resources */,
				2AFBD2219A3304C09570CAA9 /* Frameworks */,
				A9E912D26ED35979B30271EB /* Embed Foundation Extensions */,
			);
			buildRules = (
			);
			dependencies = (
				96BDEA750E9F07883F228703 /* PBXTargetDependency */,
				0B707ED41B7AE7CE3AE08602 /* PBXTargetDependency */,
			);
			name = GitchatIOS;
			packageProductDependencies = (
				E40E297012AF55791D27B93E /* SocketIO */,
				37D9D440E2615CB0D8C2247A /* OneSignalFramework */,
				0D901FD3DEDEAE2E93D384DD /* FirebaseAnalytics */,
				94DB191CAB3D64BF34D900B3 /* FirebaseCrashlytics */,
				47DE335175F71C2369260202 /* FacebookCore */,
				BC2B90ECA96F101778114ECA /* AppsFlyerLib */,
			);
			productName = GitchatIOS;
			productReference = 653BEFDD6BDC71148D0887E5 /* GitchatIOS.app */;
			productType = "com.apple.product-type.application";
		};
		6F43BFDA3F932B01CF0412E7 /* OneSignalNotificationServiceExtension */ = {
			isa = PBXNativeTarget;
			buildConfigurationList = DBA9CCB182E4CD108DE81D78 /* Build configuration list for PBXNativeTarget "OneSignalNotificationServiceExtension" */;
			buildPhases = (
				55B919FB72A578C456A08892 /* Sources */,
				805EC3D5548F8060DC6B1344 /* Frameworks */,
			);
			buildRules = (
			);
			dependencies = (
			);
			name = OneSignalNotificationServiceExtension;
			packageProductDependencies = (
				A804AE540868411FDE202E67 /* OneSignalExtension */,
			);
			productName = OneSignalNotificationServiceExtension;
			productReference = 814371E84F8A6EAD61136BE2 /* OneSignalNotificationServiceExtension.appex */;
			productType = "com.apple.product-type.app-extension";
		};
		EB0765B7BFA48EC0AC25A5E6 /* GitchatShareExtension */ = {
			isa = PBXNativeTarget;
			buildConfigurationList = 299C21F0F8E5EFD0B91FD0AA /* Build configuration list for PBXNativeTarget "GitchatShareExtension" */;
			buildPhases = (
				6456451A968AB972B9C6FBE7 /* Sources */,
			);
			buildRules = (
			);
			dependencies = (
			);
			name = GitchatShareExtension;
			packageProductDependencies = (
			);
			productName = GitchatShareExtension;
			productReference = C3B238A579BDAC391159C493 /* GitchatShareExtension.appex */;
			productType = "com.apple.product-type.app-extension";
		};
/* End PBXNativeTarget section */

/* Begin PBXProject section */
		DE209328F4293473D3365D39 /* Project object */ = {
			isa = PBXProject;
			attributes = {
				BuildIndependentTargetsInParallel = YES;
				LastUpgradeCheck = 1430;
				TargetAttributes = {
					15D7A7746C96C0D956D835DF = {
						DevelopmentTeam = 9S5F8693FB;
						ProvisioningStyle = Automatic;
					};
					6F43BFDA3F932B01CF0412E7 = {
						DevelopmentTeam = 9S5F8693FB;
						ProvisioningStyle = Automatic;
					};
					EB0765B7BFA48EC0AC25A5E6 = {
						DevelopmentTeam = 9S5F8693FB;
						ProvisioningStyle = Automatic;
					};
				};
			};
			buildConfigurationList = 21198B8F3C613CE63360E551 /* Build configuration list for PBXProject "GitchatIOS" */;
			developmentRegion = en;
			hasScannedForEncodings = 0;
			knownRegions = (
				Base,
				en,
			);
			mainGroup = 2A42B2EB9D6FDB50D91854F8;
			minimizedProjectReferenceProxies = 1;
			packageReferences = (
				8644107DEFC53DF2AD857D3B /* XCRemoteSwiftPackageReference "AppsFlyerFramework" */,
				AD3CEFF4C60CD44C8EC2AC43 /* XCRemoteSwiftPackageReference "facebook-ios-sdk" */,
				5402EFEAFC2FC1686CA09CF7 /* XCRemoteSwiftPackageReference "firebase-ios-sdk" */,
				54FDF3E780D095E7409D8D66 /* XCRemoteSwiftPackageReference "OneSignal-XCFramework" */,
				E1782BB53418C29B1B40C23D /* XCRemoteSwiftPackageReference "socket.io-client-swift" */,
			);
			preferredProjectObjectVersion = 77;
			productRefGroup = 4B29051015B57A682F6F111B /* Products */;
			projectDirPath = "";
			projectRoot = "";
			targets = (
				15D7A7746C96C0D956D835DF /* GitchatIOS */,
				EB0765B7BFA48EC0AC25A5E6 /* GitchatShareExtension */,
				6F43BFDA3F932B01CF0412E7 /* OneSignalNotificationServiceExtension */,
			);
		};
/* End PBXProject section */

/* Begin PBXResourcesBuildPhase section */
		B3A3CE17CC142D96B4213C39 /* Resources */ = {
			isa = PBXResourcesBuildPhase;
			buildActionMask = 2147483647;
			files = (
				72F26E42CF9099BA1A6CEC36 /* Assets.xcassets in Resources */,
				69AEAFD3B68278AC0518960C /* Geist-Black.ttf in Resources */,
				6E8E6B2E139735239E900101 /* Geist-Bold.ttf in Resources */,
				301A8A5BBE220BDAD5E67750 /* Geist-Regular.ttf in Resources */,
				EAD68B38CE7B44B3B0C1D31E /* Geist-SemiBold.ttf in Resources */,
				FE6B859A2C4C03A1997BE21A /* GoogleService-Info.plist in Resources */,
			);
			runOnlyForDeploymentPostprocessing = 0;
		};
/* End PBXResourcesBuildPhase section */

/* Begin PBXSourcesBuildPhase section */
		55B919FB72A578C456A08892 /* Sources */ = {
			isa = PBXSourcesBuildPhase;
			buildActionMask = 2147483647;
			files = (
				80C07FFED87C334C9E6943FF /* NotificationService.swift in Sources */,
			);
			runOnlyForDeploymentPostprocessing = 0;
		};
		6456451A968AB972B9C6FBE7 /* Sources */ = {
			isa = PBXSourcesBuildPhase;
			buildActionMask = 2147483647;
			files = (
				37506F82CD9AC83736AEFDF5 /* ShareAPI.swift in Sources */,
				A834FFACC2EFD9215F4C6A3A /* ShareConfig.swift in Sources */,
				F07EC6FF64615C4EC3A6BD5C /* SharePayload.swift in Sources */,
				E64B7E1BDD32E7DE9A148EBD /* ShareRootView.swift in Sources */,
				10832E2BD27509C69912DE76 /* ShareTokenStore.swift in Sources */,
				C17F6E3938CE1135ADF031BA /* ShareViewController.swift in Sources */,
			);
			runOnlyForDeploymentPostprocessing = 0;
		};
		8CDDD9207D4516957F4C6D6B /* Sources */ = {
			isa = PBXSourcesBuildPhase;
			buildActionMask = 2147483647;
			files = (
				B089CE1EDCE2E0EB3376D18E /* APIClient.swift in Sources */,
				AB75B64F86D9214FFC78C723 /* AddMemberSheet.swift in Sources */,
				4F15046CCB7A9CA0952031AB /* AnalyticsTracker.swift in Sources */,
				60D610D3E81196FD29EADE83 /* AppRouter.swift in Sources */,
				B7312742825A6973BA9FE86B /* AuthStore.swift in Sources */,
				23DA5097E24D54E366575F0C /* BlockStore.swift in Sources */,
				84444B1C46F03AC10E764DAC /* CachedAsyncImage.swift in Sources */,
				00DB4217A078DC17FD451462 /* ChannelDetailView.swift in Sources */,
				9FF34A6AA21F0417CEF2D2D5 /* ChannelsView.swift in Sources */,
				9911E286944B2E5A0B5817D6 /* ChatBackground.swift in Sources */,
				F468BB4EB9F2D15D17EFA9A1 /* ChatCollectionView.swift in Sources */,
				03DA54DAB6CB0C9146CF00DB /* ChatDetailTitleBar.swift in Sources */,
				CD8AD7132CAC90482CAD8C90 /* ChatDetailView.swift in Sources */,
				8EC49E171B11904ED31ED2C4 /* ChatSkeleton.swift in Sources */,
				58199F8143B92FCDE3214FB8 /* ChatViewModel.swift in Sources */,
				AECA351FBDBD09565E295CA7 /* Config.swift in Sources */,
				87F1CB4EFE6D24FE348C379A /* ConversationsCache.swift in Sources */,
				345DAB43FC963AC5DC04D6F6 /* ConversationsListView.swift in Sources */,
				B83DF2EEDFDD866D3AFE69E6 /* DesktopReturnToSend.swift in Sources */,
				493EC828CF5A4FC4D3D185BD /* EmojiPickerSheet.swift in Sources */,
				97BEFA46F74B25582C9B5E6A /* ExploreSheet.swift in Sources */,
				42ECF6E4F91ED322D0B563F0 /* FollowingView.swift in Sources */,
				2591225956282BB3140C8446 /* ForwardSheet.swift in Sources */,
				AC3DF2D2EBA66464D53D71CC /* GitHubWebOAuth.swift in Sources */,
				D3A3045A0F089C628A6E343D /* GitchatApp.swift in Sources */,
				1002899F9F99F440D42DC48F /* GlassPill.swift in Sources */,
				38D52553E01E93DC2FA83451 /* Haptics.swift in Sources */,
				3BB278E3A94069839823436D /* ImageCropSheet.swift in Sources */,
				79E4A5DE2ACFB58124D5BB7A /* ImageDownloader.swift in Sources */,
				C5707AE9DCD25A6E076EA2E8 /* ImageViewerSheet.swift in Sources */,
				27D2E36C0F88847474346B66 /* InstantTooltip.swift in Sources */,
				C98522FBA2E4D5570269FF3C /* KeyboardHeight.swift in Sources */,
				633B7848AFE04D7B0D1939B2 /* LinkGithubBanner.swift in Sources */,
				54503540CFF2CBDF6CCAE91C /* LinkPreviewCard.swift in Sources */,
				373D74BE3BC0816A5C64EE10 /* MacEscapeToHome.swift in Sources */,
				050786142A446599066C62D0 /* MacHover.swift in Sources */,
				30B5B529C093F9BC6611C3B4 /* MacReadableWidth.swift in Sources */,
				9DF1DFF3C3FA05419A2BE511 /* MembersSheet.swift in Sources */,
				6A83C80ACE6BC89DBF0D3C81 /* MessageBubble.swift in Sources */,
				15D2935141DC52D24193D42E /* MessageCache.swift in Sources */,
				6A681AB119ADE4EC7A54FE9B /* MessageSearchSheet.swift in Sources */,
				0992E140C62E0F3779B22A78 /* Models.swift in Sources */,
				D6F22BEEE3B7B425EE371B5A /* NewChatView.swift in Sources */,
				20081E843BE3E3BDF5E07E25 /* NotificationsView.swift in Sources */,
				4FB18A5937E48A0AF3923739 /* PinnedMessagesSheet.swift in Sources */,
				A7396B793DDA8316A187E165 /* PresenceStore.swift in Sources */,
				2A4E2644658850573AD267CD /* ProfileView.swift in Sources */,
				A9CB0EEA7EC214D19D530910 /* PushManager.swift in Sources */,
				F12E71059065072ADB4108CA /* ReactorsSheet.swift in Sources */,
				2A9935280A2FA6DB2275A27D /* RelativeTime.swift in Sources */,
				494D3D00F4249ABA940FC7E0 /* RootView.swift in Sources */,
				654B9A9D39D48AB87373AA1F /* Routes.swift in Sources */,
				F5AF3001990D0A2322055850 /* SafariSheet.swift in Sources */,
				3909D707CE694EBAD50CE7FC /* SeenAvatarWithTooltip.swift in Sources */,
				65688DB89206F6C3903BB1AD /* SeenBySheet.swift in Sources */,
				D2745DCC01B9FB447C2F6ABA /* SettingsView.swift in Sources */,
				999E1B7961171663AD703952 /* SignInView.swift in Sources */,
				1F64E756A95BD31E664AAEE9 /* Skeleton.swift in Sources */,
				76A2320B8D73680FE87405B3 /* SocketClient.swift in Sources */,
				8AD5EE1720D14E153C09F5BA /* StoreManager.swift in Sources */,
				D217FFA3516672466F57300D /* SyncingDotsLabel.swift in Sources */,
				759EC50B1952C367FC53F63A /* SystemMessageRow.swift in Sources */,
				9791D54113091049E987F845 /* TeamsView.swift in Sources */,
				DEA9CCB7625D47EC3D8A9A78 /* Toast.swift in Sources */,
				AB9FCA5C4BD98C40D7E5CC9C /* TypingIndicatorRow.swift in Sources */,
				FD17AE5E8C8F0262357875CD /* UpgradeView.swift in Sources */,
			);
			runOnlyForDeploymentPostprocessing = 0;
		};
/* End PBXSourcesBuildPhase section */

/* Begin PBXTargetDependency section */
		0B707ED41B7AE7CE3AE08602 /* PBXTargetDependency */ = {
			isa = PBXTargetDependency;
			platformFilter = ios;
			target = EB0765B7BFA48EC0AC25A5E6 /* GitchatShareExtension */;
			targetProxy = 20715C9AE127C9BAFAE25084 /* PBXContainerItemProxy */;
		};
		96BDEA750E9F07883F228703 /* PBXTargetDependency */ = {
			isa = PBXTargetDependency;
			platformFilter = ios;
			target = 6F43BFDA3F932B01CF0412E7 /* OneSignalNotificationServiceExtension */;
			targetProxy = F05CDA2F190907952F592C0C /* PBXContainerItemProxy */;
		};
/* End PBXTargetDependency section */

/* Begin XCBuildConfiguration section */
		0147FDD3494219CD15F87115 /* Debug */ = {
			isa = XCBuildConfiguration;
			buildSettings = {
				ASSETCATALOG_COMPILER_APPICON_NAME = AppIcon;
				ASSETCATALOG_COMPILER_GLOBAL_ACCENT_COLOR_NAME = AccentColor;
				CODE_SIGN_ENTITLEMENTS = GitchatIOS/GitchatIOS.entitlements;
				CODE_SIGN_IDENTITY = "iPhone Developer";
				CODE_SIGN_STYLE = Automatic;
				DERIVE_MACCATALYST_PRODUCT_BUNDLE_IDENTIFIER = NO;
				DEVELOPMENT_TEAM = 9S5F8693FB;
				GENERATE_INFOPLIST_FILE = NO;
				INFOPLIST_FILE = GitchatIOS/Info.plist;
				IPHONEOS_DEPLOYMENT_TARGET = 16.0;
				LD_RUNPATH_SEARCH_PATHS = (
					"$(inherited)",
					"@executable_path/Frameworks",
				);
				PRODUCT_BUNDLE_IDENTIFIER = chat.git;
				PRODUCT_NAME = Gitchat;
				SDKROOT = iphoneos;
				SUPPORTS_MACCATALYST = YES;
				SUPPORTS_MAC_DESIGNED_FOR_IPHONE_IPAD = NO;
				TARGETED_DEVICE_FAMILY = "1,2";
			};
			name = Debug;
		};
		46F0AA835EF715E8551CC421 /* Release */ = {
			isa = XCBuildConfiguration;
			buildSettings = {
				ALWAYS_SEARCH_USER_PATHS = NO;
				CLANG_ANALYZER_NONNULL = YES;
				CLANG_ANALYZER_NUMBER_OBJECT_CONVERSION = YES_AGGRESSIVE;
				CLANG_CXX_LANGUAGE_STANDARD = "gnu++14";
				CLANG_CXX_LIBRARY = "libc++";
				CLANG_ENABLE_MODULES = YES;
				CLANG_ENABLE_OBJC_ARC = YES;
				CLANG_ENABLE_OBJC_WEAK = YES;
				CLANG_WARN_BLOCK_CAPTURE_AUTORELEASING = YES;
				CLANG_WARN_BOOL_CONVERSION = YES;
				CLANG_WARN_COMMA = YES;
				CLANG_WARN_CONSTANT_CONVERSION = YES;
				CLANG_WARN_DEPRECATED_OBJC_IMPLEMENTATIONS = YES;
				CLANG_WARN_DIRECT_OBJC_ISA_USAGE = YES_ERROR;
				CLANG_WARN_DOCUMENTATION_COMMENTS = YES;
				CLANG_WARN_EMPTY_BODY = YES;
				CLANG_WARN_ENUM_CONVERSION = YES;
				CLANG_WARN_INFINITE_RECURSION = YES;
				CLANG_WARN_INT_CONVERSION = YES;
				CLANG_WARN_NON_LITERAL_NULL_CONVERSION = YES;
				CLANG_WARN_OBJC_IMPLICIT_RETAIN_SELF = YES;
				CLANG_WARN_OBJC_LITERAL_CONVERSION = YES;
				CLANG_WARN_OBJC_ROOT_CLASS = YES_ERROR;
				CLANG_WARN_QUOTED_INCLUDE_IN_FRAMEWORK_HEADER = YES;
				CLANG_WARN_RANGE_LOOP_ANALYSIS = YES;
				CLANG_WARN_STRICT_PROTOTYPES = YES;
				CLANG_WARN_SUSPICIOUS_MOVE = YES;
				CLANG_WARN_UNGUARDED_AVAILABILITY = YES_AGGRESSIVE;
				CLANG_WARN_UNREACHABLE_CODE = YES;
				CLANG_WARN__DUPLICATE_METHOD_MATCH = YES;
				COPY_PHASE_STRIP = NO;
				DEBUG_INFORMATION_FORMAT = "dwarf-with-dsym";
				DEVELOPMENT_TEAM = 9S5F8693FB;
				ENABLE_NS_ASSERTIONS = NO;
				ENABLE_STRICT_OBJC_MSGSEND = YES;
				ENABLE_USER_SCRIPT_SANDBOXING = NO;
				GCC_C_LANGUAGE_STANDARD = gnu11;
				GCC_NO_COMMON_BLOCKS = YES;
				GCC_WARN_64_TO_32_BIT_CONVERSION = YES;
				GCC_WARN_ABOUT_RETURN_TYPE = YES_ERROR;
				GCC_WARN_UNDECLARED_SELECTOR = YES;
				GCC_WARN_UNINITIALIZED_AUTOS = YES_AGGRESSIVE;
				GCC_WARN_UNUSED_FUNCTION = YES;
				GCC_WARN_UNUSED_VARIABLE = YES;
				IPHONEOS_DEPLOYMENT_TARGET = 16.0;
				MTL_ENABLE_DEBUG_INFO = NO;
				MTL_FAST_MATH = YES;
				PRODUCT_NAME = "$(TARGET_NAME)";
				SDKROOT = iphoneos;
				SWIFT_COMPILATION_MODE = wholemodule;
				SWIFT_OPTIMIZATION_LEVEL = "-O";
				SWIFT_VERSION = 5.9;
			};
			name = Release;
		};
		55D18C3DC5EE18E9D4818C57 /* Debug */ = {
			isa = XCBuildConfiguration;
			buildSettings = {
				CODE_SIGN_ENTITLEMENTS = OneSignalNotificationServiceExtension/OneSignalNotificationServiceExtension.entitlements;
				CODE_SIGN_STYLE = Automatic;
				DEVELOPMENT_TEAM = 9S5F8693FB;
				GENERATE_INFOPLIST_FILE = NO;
				INFOPLIST_FILE = OneSignalNotificationServiceExtension/Info.plist;
				IPHONEOS_DEPLOYMENT_TARGET = 16.0;
				LD_RUNPATH_SEARCH_PATHS = (
					"$(inherited)",
					"@executable_path/Frameworks",
					"@executable_path/../../Frameworks",
				);
				PRODUCT_BUNDLE_IDENTIFIER = chat.git.OneSignalNotificationServiceExtension;
				SDKROOT = iphoneos;
				SKIP_INSTALL = NO;
				TARGETED_DEVICE_FAMILY = 1;
			};
			name = Debug;
		};
		73E5EDB4599E6FFEF5E61B72 /* Release */ = {
			isa = XCBuildConfiguration;
			buildSettings = {
				ASSETCATALOG_COMPILER_GLOBAL_ACCENT_COLOR_NAME = AccentColor;
				CODE_SIGN_ENTITLEMENTS = GitchatShareExtension/GitchatShareExtension.entitlements;
				CODE_SIGN_STYLE = Automatic;
				DEVELOPMENT_TEAM = 9S5F8693FB;
				GENERATE_INFOPLIST_FILE = NO;
				INFOPLIST_FILE = GitchatShareExtension/Info.plist;
				IPHONEOS_DEPLOYMENT_TARGET = 16.0;
				LD_RUNPATH_SEARCH_PATHS = (
					"$(inherited)",
					"@executable_path/Frameworks",
					"@executable_path/../../Frameworks",
				);
				PRODUCT_BUNDLE_IDENTIFIER = chat.git.share;
				SDKROOT = iphoneos;
				SKIP_INSTALL = NO;
				TARGETED_DEVICE_FAMILY = "1,2";
			};
			name = Release;
		};
		B6CCE87CD5023925CA331036 /* Release */ = {
			isa = XCBuildConfiguration;
			buildSettings = {
				CODE_SIGN_ENTITLEMENTS = OneSignalNotificationServiceExtension/OneSignalNotificationServiceExtension.entitlements;
				CODE_SIGN_STYLE = Automatic;
				DEVELOPMENT_TEAM = 9S5F8693FB;
				GENERATE_INFOPLIST_FILE = NO;
				INFOPLIST_FILE = OneSignalNotificationServiceExtension/Info.plist;
				IPHONEOS_DEPLOYMENT_TARGET = 16.0;
				LD_RUNPATH_SEARCH_PATHS = (
					"$(inherited)",
					"@executable_path/Frameworks",
					"@executable_path/../../Frameworks",
				);
				PRODUCT_BUNDLE_IDENTIFIER = chat.git.OneSignalNotificationServiceExtension;
				SDKROOT = iphoneos;
				SKIP_INSTALL = NO;
				TARGETED_DEVICE_FAMILY = 1;
			};
			name = Release;
		};
		C561546A71D82EBA0A7A9F4F /* Release */ = {
			isa = XCBuildConfiguration;
			buildSettings = {
				ASSETCATALOG_COMPILER_APPICON_NAME = AppIcon;
				ASSETCATALOG_COMPILER_GLOBAL_ACCENT_COLOR_NAME = AccentColor;
				CODE_SIGN_ENTITLEMENTS = GitchatIOS/GitchatIOS.entitlements;
				CODE_SIGN_IDENTITY = "iPhone Developer";
				CODE_SIGN_STYLE = Automatic;
				DERIVE_MACCATALYST_PRODUCT_BUNDLE_IDENTIFIER = NO;
				DEVELOPMENT_TEAM = 9S5F8693FB;
				GENERATE_INFOPLIST_FILE = NO;
				INFOPLIST_FILE = GitchatIOS/Info.plist;
				IPHONEOS_DEPLOYMENT_TARGET = 16.0;
				LD_RUNPATH_SEARCH_PATHS = (
					"$(inherited)",
					"@executable_path/Frameworks",
				);
				PRODUCT_BUNDLE_IDENTIFIER = chat.git;
				PRODUCT_NAME = Gitchat;
				SDKROOT = iphoneos;
				SUPPORTS_MACCATALYST = YES;
				SUPPORTS_MAC_DESIGNED_FOR_IPHONE_IPAD = NO;
				TARGETED_DEVICE_FAMILY = "1,2";
			};
			name = Release;
		};
		D0D2E08BF4C8E2A0813DE3E6 /* Debug */ = {
			isa = XCBuildConfiguration;
			buildSettings = {
				ALWAYS_SEARCH_USER_PATHS = NO;
				CLANG_ANALYZER_NONNULL = YES;
				CLANG_ANALYZER_NUMBER_OBJECT_CONVERSION = YES_AGGRESSIVE;
				CLANG_CXX_LANGUAGE_STANDARD = "gnu++14";
				CLANG_CXX_LIBRARY = "libc++";
				CLANG_ENABLE_MODULES = YES;
				CLANG_ENABLE_OBJC_ARC = YES;
				CLANG_ENABLE_OBJC_WEAK = YES;
				CLANG_WARN_BLOCK_CAPTURE_AUTORELEASING = YES;
				CLANG_WARN_BOOL_CONVERSION = YES;
				CLANG_WARN_COMMA = YES;
				CLANG_WARN_CONSTANT_CONVERSION = YES;
				CLANG_WARN_DEPRECATED_OBJC_IMPLEMENTATIONS = YES;
				CLANG_WARN_DIRECT_OBJC_ISA_USAGE = YES_ERROR;
				CLANG_WARN_DOCUMENTATION_COMMENTS = YES;
				CLANG_WARN_EMPTY_BODY = YES;
				CLANG_WARN_ENUM_CONVERSION = YES;
				CLANG_WARN_INFINITE_RECURSION = YES;
				CLANG_WARN_INT_CONVERSION = YES;
				CLANG_WARN_NON_LITERAL_NULL_CONVERSION = YES;
				CLANG_WARN_OBJC_IMPLICIT_RETAIN_SELF = YES;
				CLANG_WARN_OBJC_LITERAL_CONVERSION = YES;
				CLANG_WARN_OBJC_ROOT_CLASS = YES_ERROR;
				CLANG_WARN_QUOTED_INCLUDE_IN_FRAMEWORK_HEADER = YES;
				CLANG_WARN_RANGE_LOOP_ANALYSIS = YES;
				CLANG_WARN_STRICT_PROTOTYPES = YES;
				CLANG_WARN_SUSPICIOUS_MOVE = YES;
				CLANG_WARN_UNGUARDED_AVAILABILITY = YES_AGGRESSIVE;
				CLANG_WARN_UNREACHABLE_CODE = YES;
				CLANG_WARN__DUPLICATE_METHOD_MATCH = YES;
				COPY_PHASE_STRIP = NO;
				DEBUG_INFORMATION_FORMAT = dwarf;
				DEVELOPMENT_TEAM = 9S5F8693FB;
				ENABLE_STRICT_OBJC_MSGSEND = YES;
				ENABLE_TESTABILITY = YES;
				ENABLE_USER_SCRIPT_SANDBOXING = NO;
				GCC_C_LANGUAGE_STANDARD = gnu11;
				GCC_DYNAMIC_NO_PIC = NO;
				GCC_NO_COMMON_BLOCKS = YES;
				GCC_OPTIMIZATION_LEVEL = 0;
				GCC_PREPROCESSOR_DEFINITIONS = (
					"$(inherited)",
					"DEBUG=1",
				);
				GCC_WARN_64_TO_32_BIT_CONVERSION = YES;
				GCC_WARN_ABOUT_RETURN_TYPE = YES_ERROR;
				GCC_WARN_UNDECLARED_SELECTOR = YES;
				GCC_WARN_UNINITIALIZED_AUTOS = YES_AGGRESSIVE;
				GCC_WARN_UNUSED_FUNCTION = YES;
				GCC_WARN_UNUSED_VARIABLE = YES;
				IPHONEOS_DEPLOYMENT_TARGET = 16.0;
				MTL_ENABLE_DEBUG_INFO = INCLUDE_SOURCE;
				MTL_FAST_MATH = YES;
				ONLY_ACTIVE_ARCH = YES;
				PRODUCT_NAME = "$(TARGET_NAME)";
				SDKROOT = iphoneos;
				SWIFT_ACTIVE_COMPILATION_CONDITIONS = DEBUG;
				SWIFT_OPTIMIZATION_LEVEL = "-Onone";
				SWIFT_VERSION = 5.9;
			};
			name = Debug;
		};
		D4A113A1779B666076BECA4C /* Debug */ = {
			isa = XCBuildConfiguration;
			buildSettings = {
				ASSETCATALOG_COMPILER_GLOBAL_ACCENT_COLOR_NAME = AccentColor;
				CODE_SIGN_ENTITLEMENTS = GitchatShareExtension/GitchatShareExtension.entitlements;
				CODE_SIGN_STYLE = Automatic;
				DEVELOPMENT_TEAM = 9S5F8693FB;
				GENERATE_INFOPLIST_FILE = NO;
				INFOPLIST_FILE = GitchatShareExtension/Info.plist;
				IPHONEOS_DEPLOYMENT_TARGET = 16.0;
				LD_RUNPATH_SEARCH_PATHS = (
					"$(inherited)",
					"@executable_path/Frameworks",
					"@executable_path/../../Frameworks",
				);
				PRODUCT_BUNDLE_IDENTIFIER = chat.git.share;
				SDKROOT = iphoneos;
				SKIP_INSTALL = NO;
				TARGETED_DEVICE_FAMILY = "1,2";
			};
			name = Debug;
		};
/* End XCBuildConfiguration section */

/* Begin XCConfigurationList section */
		21198B8F3C613CE63360E551 /* Build configuration list for PBXProject "GitchatIOS" */ = {
			isa = XCConfigurationList;
			buildConfigurations = (
				D0D2E08BF4C8E2A0813DE3E6 /* Debug */,
				46F0AA835EF715E8551CC421 /* Release */,
			);
			defaultConfigurationIsVisible = 0;
			defaultConfigurationName = Debug;
		};
		26487D8E52E2520DB3B4C8C8 /* Build configuration list for PBXNativeTarget "GitchatIOS" */ = {
			isa = XCConfigurationList;
			buildConfigurations = (
				0147FDD3494219CD15F87115 /* Debug */,
				C561546A71D82EBA0A7A9F4F /* Release */,
			);
			defaultConfigurationIsVisible = 0;
			defaultConfigurationName = Debug;
		};
		299C21F0F8E5EFD0B91FD0AA /* Build configuration list for PBXNativeTarget "GitchatShareExtension" */ = {
			isa = XCConfigurationList;
			buildConfigurations = (
				D4A113A1779B666076BECA4C /* Debug */,
				73E5EDB4599E6FFEF5E61B72 /* Release */,
			);
			defaultConfigurationIsVisible = 0;
			defaultConfigurationName = Debug;
		};
		DBA9CCB182E4CD108DE81D78 /* Build configuration list for PBXNativeTarget "OneSignalNotificationServiceExtension" */ = {
			isa = XCConfigurationList;
			buildConfigurations = (
				55D18C3DC5EE18E9D4818C57 /* Debug */,
				B6CCE87CD5023925CA331036 /* Release */,
			);
			defaultConfigurationIsVisible = 0;
			defaultConfigurationName = Debug;
		};
/* End XCConfigurationList section */

/* Begin XCRemoteSwiftPackageReference section */
		5402EFEAFC2FC1686CA09CF7 /* XCRemoteSwiftPackageReference "firebase-ios-sdk" */ = {
			isa = XCRemoteSwiftPackageReference;
			repositoryURL = "https://github.com/firebase/firebase-ios-sdk";
			requirement = {
				kind = upToNextMajorVersion;
				minimumVersion = 11.0.0;
			};
		};
		54FDF3E780D095E7409D8D66 /* XCRemoteSwiftPackageReference "OneSignal-XCFramework" */ = {
			isa = XCRemoteSwiftPackageReference;
			repositoryURL = "https://github.com/OneSignal/OneSignal-XCFramework";
			requirement = {
				kind = upToNextMajorVersion;
				minimumVersion = 5.2.0;
			};
		};
		8644107DEFC53DF2AD857D3B /* XCRemoteSwiftPackageReference "AppsFlyerFramework" */ = {
			isa = XCRemoteSwiftPackageReference;
			repositoryURL = "https://github.com/AppsFlyerSDK/AppsFlyerFramework";
			requirement = {
				kind = upToNextMajorVersion;
				minimumVersion = 6.14.0;
			};
		};
		AD3CEFF4C60CD44C8EC2AC43 /* XCRemoteSwiftPackageReference "facebook-ios-sdk" */ = {
			isa = XCRemoteSwiftPackageReference;
			repositoryURL = "https://github.com/facebook/facebook-ios-sdk";
			requirement = {
				kind = upToNextMajorVersion;
				minimumVersion = 17.0.0;
			};
		};
		E1782BB53418C29B1B40C23D /* XCRemoteSwiftPackageReference "socket.io-client-swift" */ = {
			isa = XCRemoteSwiftPackageReference;
			repositoryURL = "https://github.com/socketio/socket.io-client-swift";
			requirement = {
				kind = upToNextMajorVersion;
				minimumVersion = 16.1.0;
			};
		};
/* End XCRemoteSwiftPackageReference section */

/* Begin XCSwiftPackageProductDependency section */
		0D901FD3DEDEAE2E93D384DD /* FirebaseAnalytics */ = {
			isa = XCSwiftPackageProductDependency;
			package = 5402EFEAFC2FC1686CA09CF7 /* XCRemoteSwiftPackageReference "firebase-ios-sdk" */;
			productName = FirebaseAnalytics;
		};
		37D9D440E2615CB0D8C2247A /* OneSignalFramework */ = {
			isa = XCSwiftPackageProductDependency;
			package = 54FDF3E780D095E7409D8D66 /* XCRemoteSwiftPackageReference "OneSignal-XCFramework" */;
			productName = OneSignalFramework;
		};
		47DE335175F71C2369260202 /* FacebookCore */ = {
			isa = XCSwiftPackageProductDependency;
			package = AD3CEFF4C60CD44C8EC2AC43 /* XCRemoteSwiftPackageReference "facebook-ios-sdk" */;
			productName = FacebookCore;
		};
		94DB191CAB3D64BF34D900B3 /* FirebaseCrashlytics */ = {
			isa = XCSwiftPackageProductDependency;
			package = 5402EFEAFC2FC1686CA09CF7 /* XCRemoteSwiftPackageReference "firebase-ios-sdk" */;
			productName = FirebaseCrashlytics;
		};
		A804AE540868411FDE202E67 /* OneSignalExtension */ = {
			isa = XCSwiftPackageProductDependency;
			package = 54FDF3E780D095E7409D8D66 /* XCRemoteSwiftPackageReference "OneSignal-XCFramework" */;
			productName = OneSignalExtension;
		};
		BC2B90ECA96F101778114ECA /* AppsFlyerLib */ = {
			isa = XCSwiftPackageProductDependency;
			package = 8644107DEFC53DF2AD857D3B /* XCRemoteSwiftPackageReference "AppsFlyerFramework" */;
			productName = AppsFlyerLib;
		};
		E40E297012AF55791D27B93E /* SocketIO */ = {
			isa = XCSwiftPackageProductDependency;
			package = E1782BB53418C29B1B40C23D /* XCRemoteSwiftPackageReference "socket.io-client-swift" */;
			productName = SocketIO;
		};
/* End XCSwiftPackageProductDependency section */
	};
	rootObject = DE209328F4293473D3365D39 /* Project object */;
}
