// !$*UTF8*$!
{
	archiveVersion = 1;
	classes = {
	};
	objectVersion = 77;
	objects = {

/* Begin PBXBuildFile section */
		00DB4217A078DC17FD451462 /* ChannelDetailView.swift in Sources */ = {isa = PBXBuildFile; fileRef = 9685947BA9F7F47948D0D9FD /* ChannelDetailView.swift */; };
		0992E140C62E0F3779B22A78 /* Models.swift in Sources */ = {isa = PBXBuildFile; fileRef = B70C13ECDA5B85E7FDEDB9D8 /* Models.swift */; };
		1002899F9F99F440D42DC48F /* GlassPill.swift in Sources */ = {isa = PBXBuildFile; fileRef = 24DA1766BE87B16368E73F58 /* GlassPill.swift */; };
		1297F23217D80C72EB69A324 /* OneSignalExtension in Frameworks */ = {isa = PBXBuildFile; productRef = A804AE540868411FDE202E67 /* OneSignalExtension */; };
		1F64E756A95BD31E664AAEE9 /* Skeleton.swift in Sources */ = {isa = PBXBuildFile; fileRef = 3B4A00E4129ED6DF739E1ACB /* Skeleton.swift */; };
		20081E843BE3E3BDF5E07E25 /* NotificationsView.swift in Sources */ = {isa = PBXBuildFile; fileRef = 0EB0A8D1679C114641C9DB57 /* NotificationsView.swift */; };
		23DA5097E24D54E366575F0C /* BlockStore.swift in Sources */ = {isa = PBXBuildFile; fileRef = 96C7DB031D380DE22F80C960 /* BlockStore.swift */; };
		2591225956282BB3140C8446 /* ForwardSheet.swift in Sources */ = {isa = PBXBuildFile; fileRef = 7A0AAC07BE23842F6B28DC04 /* ForwardSheet.swift */; };
		2A4E2644658850573AD267CD /* ProfileView.swift in Sources */ = {isa = PBXBuildFile; fileRef = 8E987C78E04FD812B6372B42 /* ProfileView.swift */; };
		2A9935280A2FA6DB2275A27D /* RelativeTime.swift in Sources */ = {isa = PBXBuildFile; fileRef = 3255839AE4B52EEE916274AF /* RelativeTime.swift */; };
		2C8169E0DC4D00EE13E46120 /* Intents.framework in Frameworks */ = {isa = PBXBuildFile; fileRef = DA91A2CC0ACF49DD840C13FF /* Intents.framework */; };
		301A8A5BBE220BDAD5E67750 /* Geist-Regular.ttf in Resources */ = {isa = PBXBuildFile; fileRef = 8A624F25A8589989F02FE384 /* Geist-Regular.ttf */; };
		345DAB43FC963AC5DC04D6F6 /* ConversationsListView.swift in Sources */ = {isa = PBXBuildFile; fileRef = A16BA9650859D21117E8FF1B /* ConversationsListView.swift */; };
		38D52553E01E93DC2FA83451 /* Haptics.swift in Sources */ = {isa = PBXBuildFile; fileRef = 2D5340BD447D966282E2E67D /* Haptics.swift */; };
		42CD53F46D0C85A66271982E /* OneSignalFramework in Frameworks */ = {isa = PBXBuildFile; productRef = 37D9D440E2615CB0D8C2247A /* OneSignalFramework */; };
		42ECF6E4F91ED322D0B563F0 /* FollowingView.swift in Sources */ = {isa = PBXBuildFile; fileRef = 4BC0F97726C2E12C5EF27207 /* FollowingView.swift */; };
		493EC828CF5A4FC4D3D185BD /* EmojiPickerSheet.swift in Sources */ = {isa = PBXBuildFile; fileRef = 4ED56669CED0DEE797EABF78 /* EmojiPickerSheet.swift */; };
		494D3D00F4249ABA940FC7E0 /* RootView.swift in Sources */ = {isa = PBXBuildFile; fileRef = 0A64D83F5578E057CF2F6A03 /* RootView.swift */; };
		4FB18A5937E48A0AF3923739 /* PinnedMessagesSheet.swift in Sources */ = {isa = PBXBuildFile; fileRef = C31727F6BC2344EA5D9005D3 /* PinnedMessagesSheet.swift */; };
		58199F8143B92FCDE3214FB8 /* ChatViewModel.swift in Sources */ = {isa = PBXBuildFile; fileRef = 2679A8A97AA258DB81818FF2 /* ChatViewModel.swift */; };
		60D610D3E81196FD29EADE83 /* AppRouter.swift in Sources */ = {isa = PBXBuildFile; fileRef = 6F911D72B3577520347C7A25 /* AppRouter.swift */; };
		633B7848AFE04D7B0D1939B2 /* LinkGithubBanner.swift in Sources */ = {isa = PBXBuildFile; fileRef = D0108E6ED2C630F572A0C5F9 /* LinkGithubBanner.swift */; };
		654B9A9D39D48AB87373AA1F /* Routes.swift in Sources */ = {isa = PBXBuildFile; fileRef = A066E307A07B247124125B04 /* Routes.swift */; };
		69AEAFD3B68278AC0518960C /* Geist-Black.ttf in Resources */ = {isa = PBXBuildFile; fileRef = 6E57C30BA465BAC85D5F1F79 /* Geist-Black.ttf */; };
		6A681AB119ADE4EC7A54FE9B /* MessageSearchSheet.swift in Sources */ = {isa = PBXBuildFile; fileRef = 781AD42CB2F6BD7F8C084678 /* MessageSearchSheet.swift */; };
		6A83C80ACE6BC89DBF0D3C81 /* MessageBubble.swift in Sources */ = {isa = PBXBuildFile; fileRef = DE2F21B2C49829CF682C71EB /* MessageBubble.swift */; };
		6C48CFFBB6D004E3EF124CE3 /* SocketIO in Frameworks */ = {isa = PBXBuildFile; productRef = E40E297012AF55791D27B93E /* SocketIO */; };
		6E8E6B2E139735239E900101 /* Geist-Bold.ttf in Resources */ = {isa = PBXBuildFile; fileRef = C300A84467231D3D6475F5E0 /* Geist-Bold.ttf */; };
		72F26E42CF9099BA1A6CEC36 /* Assets.xcassets in Resources */ = {isa = PBXBuildFile; fileRef = F7E0D975F7A5F9F05AE4C937 /* Assets.xcassets */; };
		759EC50B1952C367FC53F63A /* SystemMessageRow.swift in Sources */ = {isa = PBXBuildFile; fileRef = C52A3C804970611E07FF79D0 /* SystemMessageRow.swift */; };
		76A2320B8D73680FE87405B3 /* SocketClient.swift in Sources */ = {isa = PBXBuildFile; fileRef = CA25F2BA4BC86A0256C4C1DD /* SocketClient.swift */; };
		79E4A5DE2ACFB58124D5BB7A /* ImageDownloader.swift in Sources */ = {isa = PBXBuildFile; fileRef = DC8B403BD6EAA7FADB23F9B5 /* ImageDownloader.swift */; };
		80C07FFED87C334C9E6943FF /* NotificationService.swift in Sources */ = {isa = PBXBuildFile; fileRef = 500978A5175704DEC944236B /* NotificationService.swift */; };
		84444B1C46F03AC10E764DAC /* CachedAsyncImage.swift in Sources */ = {isa = PBXBuildFile; fileRef = 36F06688A6AEFA05D9DA56B8 /* CachedAsyncImage.swift */; };
		875CBDD4A2B05627C889CFF4 /* OneSignalNotificationServiceExtension.appex in Embed Foundation Extensions */ = {isa = PBXBuildFile; fileRef = 814371E84F8A6EAD61136BE2 /* OneSignalNotificationServiceExtension.appex */; settings = {ATTRIBUTES = (CodeSignOnCopy, RemoveHeadersOnCopy, ); }; };
		8AD5EE1720D14E153C09F5BA /* StoreManager.swift in Sources */ = {isa = PBXBuildFile; fileRef = B07857501623E25CD298B606 /* StoreManager.swift */; };
		999E1B7961171663AD703952 /* SignInView.swift in Sources */ = {isa = PBXBuildFile; fileRef = FD6CCF4AEE7A8295F6F1D9FD /* SignInView.swift */; };
		9DF1DFF3C3FA05419A2BE511 /* MembersSheet.swift in Sources */ = {isa = PBXBuildFile; fileRef = 1A933BC6AF41FEDCF2FCEB5F /* MembersSheet.swift */; };
		9FF34A6AA21F0417CEF2D2D5 /* ChannelsView.swift in Sources */ = {isa = PBXBuildFile; fileRef = A5D27D2F5A412D74F579504B /* ChannelsView.swift */; };
		A9CB0EEA7EC214D19D530910 /* PushManager.swift in Sources */ = {isa = PBXBuildFile; fileRef = 808AF0F70444427011FF450A /* PushManager.swift */; };
		AB9FCA5C4BD98C40D7E5CC9C /* TypingIndicatorRow.swift in Sources */ = {isa = PBXBuildFile; fileRef = 71BF468C5E19762E01C9A603 /* TypingIndicatorRow.swift */; };
		AC3DF2D2EBA66464D53D71CC /* GitHubWebOAuth.swift in Sources */ = {isa = PBXBuildFile; fileRef = CE9078C15E5B9CC4441DCE26 /* GitHubWebOAuth.swift */; };
		AECA351FBDBD09565E295CA7 /* Config.swift in Sources */ = {isa = PBXBuildFile; fileRef = D1AC72B0B806B50EB64E82E8 /* Config.swift */; };
		B089CE1EDCE2E0EB3376D18E /* APIClient.swift in Sources */ = {isa = PBXBuildFile; fileRef = ED882894AD818DBFB0421E96 /* APIClient.swift */; };
		B7312742825A6973BA9FE86B /* AuthStore.swift in Sources */ = {isa = PBXBuildFile; fileRef = B9A44DB5595F253E8FA0F678 /* AuthStore.swift */; };
		C5707AE9DCD25A6E076EA2E8 /* ImageViewerSheet.swift in Sources */ = {isa = PBXBuildFile; fileRef = DC7E871CD8B3B98D4064FC71 /* ImageViewerSheet.swift */; };
		C98522FBA2E4D5570269FF3C /* KeyboardHeight.swift in Sources */ = {isa = PBXBuildFile; fileRef = 0581BC792D393D25DB425CB4 /* KeyboardHeight.swift */; };
		CD8AD7132CAC90482CAD8C90 /* ChatDetailView.swift in Sources */ = {isa = PBXBuildFile; fileRef = DDDF70233C14FFDD5E7CB1A8 /* ChatDetailView.swift */; };
		D2745DCC01B9FB447C2F6ABA /* SettingsView.swift in Sources */ = {isa = PBXBuildFile; fileRef = 9E6C6D62D2207B8EF522F851 /* SettingsView.swift */; };
		D3A3045A0F089C628A6E343D /* GitchatApp.swift in Sources */ = {isa = PBXBuildFile; fileRef = DE08A0DE3086C45434C3F914 /* GitchatApp.swift */; };
		D6F22BEEE3B7B425EE371B5A /* NewChatView.swift in Sources */ = {isa = PBXBuildFile; fileRef = 79D9DA88399CF4A4C8C4371F /* NewChatView.swift */; };
		DEA9CCB7625D47EC3D8A9A78 /* Toast.swift in Sources */ = {isa = PBXBuildFile; fileRef = FFB37F9F8D7D60BEB1494E05 /* Toast.swift */; };
		EAD68B38CE7B44B3B0C1D31E /* Geist-SemiBold.ttf in Resources */ = {isa = PBXBuildFile; fileRef = F7537B4250B26209B8C7F03C /* Geist-SemiBold.ttf */; };
		F12E71059065072ADB4108CA /* ReactorsSheet.swift in Sources */ = {isa = PBXBuildFile; fileRef = 2D243C68C74A2AC306A74DB8 /* ReactorsSheet.swift */; };
		F5AF3001990D0A2322055850 /* SafariSheet.swift in Sources */ = {isa = PBXBuildFile; fileRef = 7E94D622A0735683786E43FF /* SafariSheet.swift */; };
		FD17AE5E8C8F0262357875CD /* UpgradeView.swift in Sources */ = {isa = PBXBuildFile; fileRef = 99301F77409640F810FB1F0D /* UpgradeView.swift */; };
/* End PBXBuildFile section */

/* Begin PBXContainerItemProxy section */
		F05CDA2F190907952F592C0C /* PBXContainerItemProxy */ = {
			isa = PBXContainerItemProxy;
			containerPortal = DE209328F4293473D3365D39 /* Project object */;
			proxyType = 1;
			remoteGlobalIDString = 6F43BFDA3F932B01CF0412E7;
			remoteInfo = OneSignalNotificationServiceExtension;
		};
/* End PBXContainerItemProxy section */

/* Begin PBXCopyFilesBuildPhase section */
		A9E912D26ED35979B30271EB /* Embed Foundation Extensions */ = {
			isa = PBXCopyFilesBuildPhase;
			buildActionMask = 2147483647;
			dstPath = "";
			dstSubfolderSpec = 13;
			files = (
				875CBDD4A2B05627C889CFF4 /* OneSignalNotificationServiceExtension.appex in Embed Foundation Extensions */,
			);
			name = "Embed Foundation Extensions";
			runOnlyForDeploymentPostprocessing = 0;
		};
/* End PBXCopyFilesBuildPhase section */

/* Begin PBXFileReference section */
		043204DC26642044739AFFED /* OneSignalNotificationServiceExtension.entitlements */ = {isa = PBXFileReference; lastKnownFileType = text.plist.entitlements; path = OneSignalNotificationServiceExtension.entitlements; sourceTree = "<group>"; };
		0581BC792D393D25DB425CB4 /* KeyboardHeight.swift */ = {isa = PBXFileReference; lastKnownFileType = sourcecode.swift; path = KeyboardHeight.swift; sourceTree = "<group>"; };
		0A64D83F5578E057CF2F6A03 /* RootView.swift */ = {isa = PBXFileReference; lastKnownFileType = sourcecode.swift; path = RootView.swift; sourceTree = "<group>"; };
		0EB0A8D1679C114641C9DB57 /* NotificationsView.swift */ = {isa = PBXFileReference; lastKnownFileType = sourcecode.swift; path = NotificationsView.swift; sourceTree = "<group>"; };
		1A933BC6AF41FEDCF2FCEB5F /* MembersSheet.swift */ = {isa = PBXFileReference; lastKnownFileType = sourcecode.swift; path = MembersSheet.swift; sourceTree = "<group>"; };
		24DA1766BE87B16368E73F58 /* GlassPill.swift */ = {isa = PBXFileReference; lastKnownFileType = sourcecode.swift; path = GlassPill.swift; sourceTree = "<group>"; };
		2679A8A97AA258DB81818FF2 /* ChatViewModel.swift */ = {isa = PBXFileReference; lastKnownFileType = sourcecode.swift; path = ChatViewModel.swift; sourceTree = "<group>"; };
		2D243C68C74A2AC306A74DB8 /* ReactorsSheet.swift */ = {isa = PBXFileReference; lastKnownFileType = sourcecode.swift; path = ReactorsSheet.swift; sourceTree = "<group>"; };
		2D5340BD447D966282E2E67D /* Haptics.swift */ = {isa = PBXFileReference; lastKnownFileType = sourcecode.swift; path = Haptics.swift; sourceTree = "<group>"; };
		3240F18DF11804D759392EA5 /* Info.plist */ = {isa = PBXFileReference; lastKnownFileType = text.plist; path = Info.plist; sourceTree = "<group>"; };
		3255839AE4B52EEE916274AF /* RelativeTime.swift */ = {isa = PBXFileReference; lastKnownFileType = sourcecode.swift; path = RelativeTime.swift; sourceTree = "<group>"; };
		36F06688A6AEFA05D9DA56B8 /* CachedAsyncImage.swift */ = {isa = PBXFileReference; lastKnownFileType = sourcecode.swift; path = CachedAsyncImage.swift; sourceTree = "<group>"; };
		3B4A00E4129ED6DF739E1ACB /* Skeleton.swift */ = {isa = PBXFileReference; lastKnownFileType = sourcecode.swift; path = Skeleton.swift; sourceTree = "<group>"; };
		4BC0F97726C2E12C5EF27207 /* FollowingView.swift */ = {isa = PBXFileReference; lastKnownFileType = sourcecode.swift; path = FollowingView.swift; sourceTree = "<group>"; };
		4ED56669CED0DEE797EABF78 /* EmojiPickerSheet.swift */ = {isa = PBXFileReference; lastKnownFileType = sourcecode.swift; path = EmojiPickerSheet.swift; sourceTree = "<group>"; };
		500978A5175704DEC944236B /* NotificationService.swift */ = {isa = PBXFileReference; lastKnownFileType = sourcecode.swift; path = NotificationService.swift; sourceTree = "<group>"; };
		653BEFDD6BDC71148D0887E5 /* GitchatIOS.app */ = {isa = PBXFileReference; includeInIndex = 0; lastKnownFileType = wrapper.application; path = GitchatIOS.app; sourceTree = BUILT_PRODUCTS_DIR; };
		6E57C30BA465BAC85D5F1F79 /* Geist-Black.ttf */ = {isa = PBXFileReference; lastKnownFileType = file; path = "Geist-Black.ttf"; sourceTree = "<group>"; };
		6F911D72B3577520347C7A25 /* AppRouter.swift */ = {isa = PBXFileReference; lastKnownFileType = sourcecode.swift; path = AppRouter.swift; sourceTree = "<group>"; };
		71BF468C5E19762E01C9A603 /* TypingIndicatorRow.swift */ = {isa = PBXFileReference; lastKnownFileType = sourcecode.swift; path = TypingIndicatorRow.swift; sourceTree = "<group>"; };
		781AD42CB2F6BD7F8C084678 /* MessageSearchSheet.swift */ = {isa = PBXFileReference; lastKnownFileType = sourcecode.swift; path = MessageSearchSheet.swift; sourceTree = "<group>"; };
		79D9DA88399CF4A4C8C4371F /* NewChatView.swift */ = {isa = PBXFileReference; lastKnownFileType = sourcecode.swift; path = NewChatView.swift; sourceTree = "<group>"; };
		7A0AAC07BE23842F6B28DC04 /* ForwardSheet.swift */ = {isa = PBXFileReference; lastKnownFileType = sourcecode.swift; path = ForwardSheet.swift; sourceTree = "<group>"; };
		7E94D622A0735683786E43FF /* SafariSheet.swift */ = {isa = PBXFileReference; lastKnownFileType = sourcecode.swift; path = SafariSheet.swift; sourceTree = "<group>"; };
		808AF0F70444427011FF450A /* PushManager.swift */ = {isa = PBXFileReference; lastKnownFileType = sourcecode.swift; path = PushManager.swift; sourceTree = "<group>"; };
		814371E84F8A6EAD61136BE2 /* OneSignalNotificationServiceExtension.appex */ = {isa = PBXFileReference; includeInIndex = 0; lastKnownFileType = "wrapper.app-extension"; path = OneSignalNotificationServiceExtension.appex; sourceTree = BUILT_PRODUCTS_DIR; };
		8A624F25A8589989F02FE384 /* Geist-Regular.ttf */ = {isa = PBXFileReference; lastKnownFileType = file; path = "Geist-Regular.ttf"; sourceTree = "<group>"; };
		8E987C78E04FD812B6372B42 /* ProfileView.swift */ = {isa = PBXFileReference; lastKnownFileType = sourcecode.swift; path = ProfileView.swift; sourceTree = "<group>"; };
		9685947BA9F7F47948D0D9FD /* ChannelDetailView.swift */ = {isa = PBXFileReference; lastKnownFileType = sourcecode.swift; path = ChannelDetailView.swift; sourceTree = "<group>"; };
		96C7DB031D380DE22F80C960 /* BlockStore.swift */ = {isa = PBXFileReference; lastKnownFileType = sourcecode.swift; path = BlockStore.swift; sourceTree = "<group>"; };
		99301F77409640F810FB1F0D /* UpgradeView.swift */ = {isa = PBXFileReference; lastKnownFileType = sourcecode.swift; path = UpgradeView.swift; sourceTree = "<group>"; };
		9E6C6D62D2207B8EF522F851 /* SettingsView.swift */ = {isa = PBXFileReference; lastKnownFileType = sourcecode.swift; path = SettingsView.swift; sourceTree = "<group>"; };
		A066E307A07B247124125B04 /* Routes.swift */ = {isa = PBXFileReference; lastKnownFileType = sourcecode.swift; path = Routes.swift; sourceTree = "<group>"; };
		A16BA9650859D21117E8FF1B /* ConversationsListView.swift */ = {isa = PBXFileReference; lastKnownFileType = sourcecode.swift; path = ConversationsListView.swift; sourceTree = "<group>"; };
		A5D27D2F5A412D74F579504B /* ChannelsView.swift */ = {isa = PBXFileReference; lastKnownFileType = sourcecode.swift; path = ChannelsView.swift; sourceTree = "<group>"; };
		B07857501623E25CD298B606 /* StoreManager.swift */ = {isa = PBXFileReference; lastKnownFileType = sourcecode.swift; path = StoreManager.swift; sourceTree = "<group>"; };
		B558F48CABBE00017756E5FA /* GitchatIOS.entitlements */ = {isa = PBXFileReference; lastKnownFileType = text.plist.entitlements; path = GitchatIOS.entitlements; sourceTree = "<group>"; };
		B70C13ECDA5B85E7FDEDB9D8 /* Models.swift */ = {isa = PBXFileReference; lastKnownFileType = sourcecode.swift; path = Models.swift; sourceTree = "<group>"; };
		B9A44DB5595F253E8FA0F678 /* AuthStore.swift */ = {isa = PBXFileReference; lastKnownFileType = sourcecode.swift; path = AuthStore.swift; sourceTree = "<group>"; };
		C300A84467231D3D6475F5E0 /* Geist-Bold.ttf */ = {isa = PBXFileReference; lastKnownFileType = file; path = "Geist-Bold.ttf"; sourceTree = "<group>"; };
		C31727F6BC2344EA5D9005D3 /* PinnedMessagesSheet.swift */ = {isa = PBXFileReference; lastKnownFileType = sourcecode.swift; path = PinnedMessagesSheet.swift; sourceTree = "<group>"; };
		C52A3C804970611E07FF79D0 /* SystemMessageRow.swift */ = {isa = PBXFileReference; lastKnownFileType = sourcecode.swift; path = SystemMessageRow.swift; sourceTree = "<group>"; };
		CA25F2BA4BC86A0256C4C1DD /* SocketClient.swift */ = {isa = PBXFileReference; lastKnownFileType = sourcecode.swift; path = SocketClient.swift; sourceTree = "<group>"; };
		CE9078C15E5B9CC4441DCE26 /* GitHubWebOAuth.swift */ = {isa = PBXFileReference; lastKnownFileType = sourcecode.swift; path = GitHubWebOAuth.swift; sourceTree = "<group>"; };
		D0108E6ED2C630F572A0C5F9 /* LinkGithubBanner.swift */ = {isa = PBXFileReference; lastKnownFileType = sourcecode.swift; path = LinkGithubBanner.swift; sourceTree = "<group>"; };
		D1AC72B0B806B50EB64E82E8 /* Config.swift */ = {isa = PBXFileReference; lastKnownFileType = sourcecode.swift; path = Config.swift; sourceTree = "<group>"; };
		DA91A2CC0ACF49DD840C13FF /* Intents.framework */ = {isa = PBXFileReference; lastKnownFileType = wrapper.framework; name = Intents.framework; path = System/Library/Frameworks/Intents.framework; sourceTree = SDKROOT; };
		DC7E871CD8B3B98D4064FC71 /* ImageViewerSheet.swift */ = {isa = PBXFileReference; lastKnownFileType = sourcecode.swift; path = ImageViewerSheet.swift; sourceTree = "<group>"; };
		DC8B403BD6EAA7FADB23F9B5 /* ImageDownloader.swift */ = {isa = PBXFileReference; lastKnownFileType = sourcecode.swift; path = ImageDownloader.swift; sourceTree = "<group>"; };
		DDDF70233C14FFDD5E7CB1A8 /* ChatDetailView.swift */ = {isa = PBXFileReference; lastKnownFileType = sourcecode.swift; path = ChatDetailView.swift; sourceTree = "<group>"; };
		DE08A0DE3086C45434C3F914 /* GitchatApp.swift */ = {isa = PBXFileReference; lastKnownFileType = sourcecode.swift; path = GitchatApp.swift; sourceTree = "<group>"; };
		DE2F21B2C49829CF682C71EB /* MessageBubble.swift */ = {isa = PBXFileReference; lastKnownFileType = sourcecode.swift; path = MessageBubble.swift; sourceTree = "<group>"; };
		ED882894AD818DBFB0421E96 /* APIClient.swift */ = {isa = PBXFileReference; lastKnownFileType = sourcecode.swift; path = APIClient.swift; sourceTree = "<group>"; };
		F7537B4250B26209B8C7F03C /* Geist-SemiBold.ttf */ = {isa = PBXFileReference; lastKnownFileType = file; path = "Geist-SemiBold.ttf"; sourceTree = "<group>"; };
		F7E0D975F7A5F9F05AE4C937 /* Assets.xcassets */ = {isa = PBXFileReference; lastKnownFileType = folder.assetcatalog; path = Assets.xcassets; sourceTree = "<group>"; };
		FD6CCF4AEE7A8295F6F1D9FD /* SignInView.swift */ = {isa = PBXFileReference; lastKnownFileType = sourcecode.swift; path = SignInView.swift; sourceTree = "<group>"; };
		FE29B3507EA081EE81ACD1F8 /* Info.plist */ = {isa = PBXFileReference; lastKnownFileType = text.plist; path = Info.plist; sourceTree = "<group>"; };
		FFB37F9F8D7D60BEB1494E05 /* Toast.swift */ = {isa = PBXFileReference; lastKnownFileType = sourcecode.swift; path = Toast.swift; sourceTree = "<group>"; };
/* End PBXFileReference section */

/* Begin PBXFrameworksBuildPhase section */
		2AFBD2219A3304C09570CAA9 /* Frameworks */ = {
			isa = PBXFrameworksBuildPhase;
			buildActionMask = 2147483647;
			files = (
				6C48CFFBB6D004E3EF124CE3 /* SocketIO in Frameworks */,
				42CD53F46D0C85A66271982E /* OneSignalFramework in Frameworks */,
			);
			runOnlyForDeploymentPostprocessing = 0;
		};
		805EC3D5548F8060DC6B1344 /* Frameworks */ = {
			isa = PBXFrameworksBuildPhase;
			buildActionMask = 2147483647;
			files = (
				1297F23217D80C72EB69A324 /* OneSignalExtension in Frameworks */,
				2C8169E0DC4D00EE13E46120 /* Intents.framework in Frameworks */,
			);
			runOnlyForDeploymentPostprocessing = 0;
		};
/* End PBXFrameworksBuildPhase section */

/* Begin PBXGroup section */
		04BB8D24F80DAEB8CB0C5EFA /* App */ = {
			isa = PBXGroup;
			children = (
				DE08A0DE3086C45434C3F914 /* GitchatApp.swift */,
				0A64D83F5578E057CF2F6A03 /* RootView.swift */,
			);
			path = App;
			sourceTree = "<group>";
		};
		0D9442EC8C4FC8F6B1095FEA /* GitchatIOS */ = {
			isa = PBXGroup;
			children = (
				B558F48CABBE00017756E5FA /* GitchatIOS.entitlements */,
				3240F18DF11804D759392EA5 /* Info.plist */,
				04BB8D24F80DAEB8CB0C5EFA /* App */,
				75FD909FFC59E1A265FFE9D2 /* Core */,
				41D7B8A72A4FB679D5490E26 /* Features */,
				59A9E2D4E0748EA36E1FF340 /* Resources */,
			);
			path = GitchatIOS;
			sourceTree = "<group>";
		};
		11BFD39E94A0A078180EFEDE /* Fonts */ = {
			isa = PBXGroup;
			children = (
				6E57C30BA465BAC85D5F1F79 /* Geist-Black.ttf */,
				C300A84467231D3D6475F5E0 /* Geist-Bold.ttf */,
				8A624F25A8589989F02FE384 /* Geist-Regular.ttf */,
				F7537B4250B26209B8C7F03C /* Geist-SemiBold.ttf */,
			);
			path = Fonts;
			sourceTree = "<group>";
		};
		2984B6A01475141D53A662FB /* Realtime */ = {
			isa = PBXGroup;
			children = (
				CA25F2BA4BC86A0256C4C1DD /* SocketClient.swift */,
			);
			path = Realtime;
			sourceTree = "<group>";
		};
		2A42B2EB9D6FDB50D91854F8 = {
			isa = PBXGroup;
			children = (
				0D9442EC8C4FC8F6B1095FEA /* GitchatIOS */,
				6AD5976CDA709D12CBDE670A /* OneSignalNotificationServiceExtension */,
				BA7A14953E341B5C937325EA /* Frameworks */,
				4B29051015B57A682F6F111B /* Products */,
			);
			sourceTree = "<group>";
		};
		2BDB1DDBCE30F01E50C93399 /* Notifications */ = {
			isa = PBXGroup;
			children = (
				0EB0A8D1679C114641C9DB57 /* NotificationsView.swift */,
			);
			path = Notifications;
			sourceTree = "<group>";
		};
		41D7B8A72A4FB679D5490E26 /* Features */ = {
			isa = PBXGroup;
			children = (
				AC55E2D09F4D8690CB8B9E08 /* Auth */,
				C9FA730CA955F901CF2929EE /* Channels */,
				E32543862BA3EBB46378A148 /* Conversations */,
				5316F8D5B7050796AA6C4783 /* Following */,
				2BDB1DDBCE30F01E50C93399 /* Notifications */,
				56B988BC4A490DF85D6A3DEE /* Pro */,
				672BB95E9BFAF431639BC1FB /* Profile */,
			);
			path = Features;
			sourceTree = "<group>";
		};
		4B29051015B57A682F6F111B /* Products */ = {
			isa = PBXGroup;
			children = (
				653BEFDD6BDC71148D0887E5 /* GitchatIOS.app */,
				814371E84F8A6EAD61136BE2 /* OneSignalNotificationServiceExtension.appex */,
			);
			name = Products;
			sourceTree = "<group>";
		};
		4F135E0B180DB4FA449BF647 /* UI */ = {
			isa = PBXGroup;
			children = (
				6F911D72B3577520347C7A25 /* AppRouter.swift */,
				36F06688A6AEFA05D9DA56B8 /* CachedAsyncImage.swift */,
				2D5340BD447D966282E2E67D /* Haptics.swift */,
				DC8B403BD6EAA7FADB23F9B5 /* ImageDownloader.swift */,
				0581BC792D393D25DB425CB4 /* KeyboardHeight.swift */,
				3255839AE4B52EEE916274AF /* RelativeTime.swift */,
				3B4A00E4129ED6DF739E1ACB /* Skeleton.swift */,
				FFB37F9F8D7D60BEB1494E05 /* Toast.swift */,
			);
			path = UI;
			sourceTree = "<group>";
		};
		5316F8D5B7050796AA6C4783 /* Following */ = {
			isa = PBXGroup;
			children = (
				4BC0F97726C2E12C5EF27207 /* FollowingView.swift */,
			);
			path = Following;
			sourceTree = "<group>";
		};
		56B988BC4A490DF85D6A3DEE /* Pro */ = {
			isa = PBXGroup;
			children = (
				99301F77409640F810FB1F0D /* UpgradeView.swift */,
			);
			path = Pro;
			sourceTree = "<group>";
		};
		59A9E2D4E0748EA36E1FF340 /* Resources */ = {
			isa = PBXGroup;
			children = (
				F7E0D975F7A5F9F05AE4C937 /* Assets.xcassets */,
				11BFD39E94A0A078180EFEDE /* Fonts */,
			);
			path = Resources;
			sourceTree = "<group>";
		};
		62AB9BB7FB15FBD0242CDC62 /* Networking */ = {
			isa = PBXGroup;
			children = (
				ED882894AD818DBFB0421E96 /* APIClient.swift */,
				B9A44DB5595F253E8FA0F678 /* AuthStore.swift */,
			);
			path = Networking;
			sourceTree = "<group>";
		};
		672BB95E9BFAF431639BC1FB /* Profile */ = {
			isa = PBXGroup;
			children = (
				8E987C78E04FD812B6372B42 /* ProfileView.swift */,
				9E6C6D62D2207B8EF522F851 /* SettingsView.swift */,
			);
			path = Profile;
			sourceTree = "<group>";
		};
		6AD5976CDA709D12CBDE670A /* OneSignalNotificationServiceExtension */ = {
			isa = PBXGroup;
			children = (
				FE29B3507EA081EE81ACD1F8 /* Info.plist */,
				500978A5175704DEC944236B /* NotificationService.swift */,
				043204DC26642044739AFFED /* OneSignalNotificationServiceExtension.entitlements */,
			);
			path = OneSignalNotificationServiceExtension;
			sourceTree = "<group>";
		};
		75FD909FFC59E1A265FFE9D2 /* Core */ = {
			isa = PBXGroup;
			children = (
				96C7DB031D380DE22F80C960 /* BlockStore.swift */,
				D1AC72B0B806B50EB64E82E8 /* Config.swift */,
				808AF0F70444427011FF450A /* PushManager.swift */,
				9F15F5366DF09B87DCD6B465 /* Models */,
				62AB9BB7FB15FBD0242CDC62 /* Networking */,
				2984B6A01475141D53A662FB /* Realtime */,
				7D374814E832CD239C7A4ED0 /* StoreKit */,
				4F135E0B180DB4FA449BF647 /* UI */,
			);
			path = Core;
			sourceTree = "<group>";
		};
		7D374814E832CD239C7A4ED0 /* StoreKit */ = {
			isa = PBXGroup;
			children = (
				B07857501623E25CD298B606 /* StoreManager.swift */,
			);
			path = StoreKit;
			sourceTree = "<group>";
		};
		9F15F5366DF09B87DCD6B465 /* Models */ = {
			isa = PBXGroup;
			children = (
				B70C13ECDA5B85E7FDEDB9D8 /* Models.swift */,
			);
			path = Models;
			sourceTree = "<group>";
		};
		AC55E2D09F4D8690CB8B9E08 /* Auth */ = {
			isa = PBXGroup;
			children = (
				CE9078C15E5B9CC4441DCE26 /* GitHubWebOAuth.swift */,
				D0108E6ED2C630F572A0C5F9 /* LinkGithubBanner.swift */,
				7E94D622A0735683786E43FF /* SafariSheet.swift */,
				FD6CCF4AEE7A8295F6F1D9FD /* SignInView.swift */,
			);
			path = Auth;
			sourceTree = "<group>";
		};
		BA7A14953E341B5C937325EA /* Frameworks */ = {
			isa = PBXGroup;
			children = (
				DA91A2CC0ACF49DD840C13FF /* Intents.framework */,
			);
			name = Frameworks;
			sourceTree = "<group>";
		};
		C9FA730CA955F901CF2929EE /* Channels */ = {
			isa = PBXGroup;
			children = (
				9685947BA9F7F47948D0D9FD /* ChannelDetailView.swift */,
				A5D27D2F5A412D74F579504B /* ChannelsView.swift */,
			);
			path = Channels;
			sourceTree = "<group>";
		};
		D56E29712BD2BE0919147855 /* ChatDetail */ = {
			isa = PBXGroup;
			children = (
				2679A8A97AA258DB81818FF2 /* ChatViewModel.swift */,
				4ED56669CED0DEE797EABF78 /* EmojiPickerSheet.swift */,
				7A0AAC07BE23842F6B28DC04 /* ForwardSheet.swift */,
				24DA1766BE87B16368E73F58 /* GlassPill.swift */,
				DC7E871CD8B3B98D4064FC71 /* ImageViewerSheet.swift */,
				1A933BC6AF41FEDCF2FCEB5F /* MembersSheet.swift */,
				DE2F21B2C49829CF682C71EB /* MessageBubble.swift */,
				781AD42CB2F6BD7F8C084678 /* MessageSearchSheet.swift */,
				C31727F6BC2344EA5D9005D3 /* PinnedMessagesSheet.swift */,
				2D243C68C74A2AC306A74DB8 /* ReactorsSheet.swift */,
				A066E307A07B247124125B04 /* Routes.swift */,
				C52A3C804970611E07FF79D0 /* SystemMessageRow.swift */,
				71BF468C5E19762E01C9A603 /* TypingIndicatorRow.swift */,
			);
			path = ChatDetail;
			sourceTree = "<group>";
		};
		E32543862BA3EBB46378A148 /* Conversations */ = {
			isa = PBXGroup;
			children = (
				DDDF70233C14FFDD5E7CB1A8 /* ChatDetailView.swift */,
				A16BA9650859D21117E8FF1B /* ConversationsListView.swift */,
				79D9DA88399CF4A4C8C4371F /* NewChatView.swift */,
				D56E29712BD2BE0919147855 /* ChatDetail */,
			);
			path = Conversations;
			sourceTree = "<group>";
		};
/* End PBXGroup section */

/* Begin PBXNativeTarget section */
		15D7A7746C96C0D956D835DF /* GitchatIOS */ = {
			isa = PBXNativeTarget;
			buildConfigurationList = 26487D8E52E2520DB3B4C8C8 /* Build configuration list for PBXNativeTarget "GitchatIOS" */;
			buildPhases = (
				8CDDD9207D4516957F4C6D6B /* Sources */,
				B3A3CE17CC142D96B4213C39 /* Resources */,
				2AFBD2219A3304C09570CAA9 /* Frameworks */,
				A9E912D26ED35979B30271EB /* Embed Foundation Extensions */,
			);
			buildRules = (
			);
			dependencies = (
				96BDEA750E9F07883F228703 /* PBXTargetDependency */,
			);
			name = GitchatIOS;
			packageProductDependencies = (
				E40E297012AF55791D27B93E /* SocketIO */,
				37D9D440E2615CB0D8C2247A /* OneSignalFramework */,
			);
			productName = GitchatIOS;
			productReference = 653BEFDD6BDC71148D0887E5 /* GitchatIOS.app */;
			productType = "com.apple.product-type.application";
		};
		6F43BFDA3F932B01CF0412E7 /* OneSignalNotificationServiceExtension */ = {
			isa = PBXNativeTarget;
			buildConfigurationList = DBA9CCB182E4CD108DE81D78 /* Build configuration list for PBXNativeTarget "OneSignalNotificationServiceExtension" */;
			buildPhases = (
				55B919FB72A578C456A08892 /* Sources */,
				805EC3D5548F8060DC6B1344 /* Frameworks */,
			);
			buildRules = (
			);
			dependencies = (
			);
			name = OneSignalNotificationServiceExtension;
			packageProductDependencies = (
				A804AE540868411FDE202E67 /* OneSignalExtension */,
			);
			productName = OneSignalNotificationServiceExtension;
			productReference = 814371E84F8A6EAD61136BE2 /* OneSignalNotificationServiceExtension.appex */;
			productType = "com.apple.product-type.app-extension";
		};
/* End PBXNativeTarget section */

/* Begin PBXProject section */
		DE209328F4293473D3365D39 /* Project object */ = {
			isa = PBXProject;
			attributes = {
				BuildIndependentTargetsInParallel = YES;
				LastUpgradeCheck = 1430;
				TargetAttributes = {
					15D7A7746C96C0D956D835DF = {
						DevelopmentTeam = 9S5F8693FB;
						ProvisioningStyle = Automatic;
					};
					6F43BFDA3F932B01CF0412E7 = {
						DevelopmentTeam = 9S5F8693FB;
						ProvisioningStyle = Automatic;
					};
				};
			};
			buildConfigurationList = 21198B8F3C613CE63360E551 /* Build configuration list for PBXProject "GitchatIOS" */;
			developmentRegion = en;
			hasScannedForEncodings = 0;
			knownRegions = (
				Base,
				en,
			);
			mainGroup = 2A42B2EB9D6FDB50D91854F8;
			minimizedProjectReferenceProxies = 1;
			packageReferences = (
				54FDF3E780D095E7409D8D66 /* XCRemoteSwiftPackageReference "OneSignal-XCFramework" */,
				E1782BB53418C29B1B40C23D /* XCRemoteSwiftPackageReference "socket.io-client-swift" */,
			);
			preferredProjectObjectVersion = 77;
			productRefGroup = 4B29051015B57A682F6F111B /* Products */;
			projectDirPath = "";
			projectRoot = "";
			targets = (
				15D7A7746C96C0D956D835DF /* GitchatIOS */,
				6F43BFDA3F932B01CF0412E7 /* OneSignalNotificationServiceExtension */,
			);
		};
/* End PBXProject section */

/* Begin PBXResourcesBuildPhase section */
		B3A3CE17CC142D96B4213C39 /* Resources */ = {
			isa = PBXResourcesBuildPhase;
			buildActionMask = 2147483647;
			files = (
				72F26E42CF9099BA1A6CEC36 /* Assets.xcassets in Resources */,
				69AEAFD3B68278AC0518960C /* Geist-Black.ttf in Resources */,
				6E8E6B2E139735239E900101 /* Geist-Bold.ttf in Resources */,
				301A8A5BBE220BDAD5E67750 /* Geist-Regular.ttf in Resources */,
				EAD68B38CE7B44B3B0C1D31E /* Geist-SemiBold.ttf in Resources */,
			);
			runOnlyForDeploymentPostprocessing = 0;
		};
/* End PBXResourcesBuildPhase section */

/* Begin PBXSourcesBuildPhase section */
		55B919FB72A578C456A08892 /* Sources */ = {
			isa = PBXSourcesBuildPhase;
			buildActionMask = 2147483647;
			files = (
				80C07FFED87C334C9E6943FF /* NotificationService.swift in Sources */,
			);
			runOnlyForDeploymentPostprocessing = 0;
		};
		8CDDD9207D4516957F4C6D6B /* Sources */ = {
			isa = PBXSourcesBuildPhase;
			buildActionMask = 2147483647;
			files = (
				B089CE1EDCE2E0EB3376D18E /* APIClient.swift in Sources */,
				60D610D3E81196FD29EADE83 /* AppRouter.swift in Sources */,
				B7312742825A6973BA9FE86B /* AuthStore.swift in Sources */,
				23DA5097E24D54E366575F0C /* BlockStore.swift in Sources */,
				84444B1C46F03AC10E764DAC /* CachedAsyncImage.swift in Sources */,
				00DB4217A078DC17FD451462 /* ChannelDetailView.swift in Sources */,
				9FF34A6AA21F0417CEF2D2D5 /* ChannelsView.swift in Sources */,
				CD8AD7132CAC90482CAD8C90 /* ChatDetailView.swift in Sources */,
				58199F8143B92FCDE3214FB8 /* ChatViewModel.swift in Sources */,
				AECA351FBDBD09565E295CA7 /* Config.swift in Sources */,
				345DAB43FC963AC5DC04D6F6 /* ConversationsListView.swift in Sources */,
				493EC828CF5A4FC4D3D185BD /* EmojiPickerSheet.swift in Sources */,
				42ECF6E4F91ED322D0B563F0 /* FollowingView.swift in Sources */,
				2591225956282BB3140C8446 /* ForwardSheet.swift in Sources */,
				AC3DF2D2EBA66464D53D71CC /* GitHubWebOAuth.swift in Sources */,
				D3A3045A0F089C628A6E343D /* GitchatApp.swift in Sources */,
				1002899F9F99F440D42DC48F /* GlassPill.swift in Sources */,
				38D52553E01E93DC2FA83451 /* Haptics.swift in Sources */,
				79E4A5DE2ACFB58124D5BB7A /* ImageDownloader.swift in Sources */,
				C5707AE9DCD25A6E076EA2E8 /* ImageViewerSheet.swift in Sources */,
				C98522FBA2E4D5570269FF3C /* KeyboardHeight.swift in Sources */,
				633B7848AFE04D7B0D1939B2 /* LinkGithubBanner.swift in Sources */,
				9DF1DFF3C3FA05419A2BE511 /* MembersSheet.swift in Sources */,
				6A83C80ACE6BC89DBF0D3C81 /* MessageBubble.swift in Sources */,
				6A681AB119ADE4EC7A54FE9B /* MessageSearchSheet.swift in Sources */,
				0992E140C62E0F3779B22A78 /* Models.swift in Sources */,
				D6F22BEEE3B7B425EE371B5A /* NewChatView.swift in Sources */,
				20081E843BE3E3BDF5E07E25 /* NotificationsView.swift in Sources */,
				4FB18A5937E48A0AF3923739 /* PinnedMessagesSheet.swift in Sources */,
				2A4E2644658850573AD267CD /* ProfileView.swift in Sources */,
				A9CB0EEA7EC214D19D530910 /* PushManager.swift in Sources */,
				F12E71059065072ADB4108CA /* ReactorsSheet.swift in Sources */,
				2A9935280A2FA6DB2275A27D /* RelativeTime.swift in Sources */,
				494D3D00F4249ABA940FC7E0 /* RootView.swift in Sources */,
				654B9A9D39D48AB87373AA1F /* Routes.swift in Sources */,
				F5AF3001990D0A2322055850 /* SafariSheet.swift in Sources */,
				D2745DCC01B9FB447C2F6ABA /* SettingsView.swift in Sources */,
				999E1B7961171663AD703952 /* SignInView.swift in Sources */,
				1F64E756A95BD31E664AAEE9 /* Skeleton.swift in Sources */,
				76A2320B8D73680FE87405B3 /* SocketClient.swift in Sources */,
				8AD5EE1720D14E153C09F5BA /* StoreManager.swift in Sources */,
				759EC50B1952C367FC53F63A /* SystemMessageRow.swift in Sources */,
				DEA9CCB7625D47EC3D8A9A78 /* Toast.swift in Sources */,
				AB9FCA5C4BD98C40D7E5CC9C /* TypingIndicatorRow.swift in Sources */,
				FD17AE5E8C8F0262357875CD /* UpgradeView.swift in Sources */,
			);
			runOnlyForDeploymentPostprocessing = 0;
		};
/* End PBXSourcesBuildPhase section */

/* Begin PBXTargetDependency section */
		96BDEA750E9F07883F228703 /* PBXTargetDependency */ = {
			isa = PBXTargetDependency;
			target = 6F43BFDA3F932B01CF0412E7 /* OneSignalNotificationServiceExtension */;
			targetProxy = F05CDA2F190907952F592C0C /* PBXContainerItemProxy */;
		};
/* End PBXTargetDependency section */

/* Begin XCBuildConfiguration section */
		0147FDD3494219CD15F87115 /* Debug */ = {
			isa = XCBuildConfiguration;
			buildSettings = {
				ASSETCATALOG_COMPILER_APPICON_NAME = AppIcon;
				ASSETCATALOG_COMPILER_GLOBAL_ACCENT_COLOR_NAME = AccentColor;
				CODE_SIGN_ENTITLEMENTS = GitchatIOS/GitchatIOS.entitlements;
				CODE_SIGN_IDENTITY = "iPhone Developer";
				CODE_SIGN_STYLE = Automatic;
				DEVELOPMENT_TEAM = 9S5F8693FB;
				GENERATE_INFOPLIST_FILE = NO;
				INFOPLIST_FILE = GitchatIOS/Info.plist;
				IPHONEOS_DEPLOYMENT_TARGET = 16.0;
				LD_RUNPATH_SEARCH_PATHS = (
					"$(inherited)",
					"@executable_path/Frameworks",
				);
				PRODUCT_BUNDLE_IDENTIFIER = chat.git;
				SDKROOT = iphoneos;
				TARGETED_DEVICE_FAMILY = 1;
			};
			name = Debug;
		};
		46F0AA835EF715E8551CC421 /* Release */ = {
			isa = XCBuildConfiguration;
			buildSettings = {
				ALWAYS_SEARCH_USER_PATHS = NO;
				CLANG_ANALYZER_NONNULL = YES;
				CLANG_ANALYZER_NUMBER_OBJECT_CONVERSION = YES_AGGRESSIVE;
				CLANG_CXX_LANGUAGE_STANDARD = "gnu++14";
				CLANG_CXX_LIBRARY = "libc++";
				CLANG_ENABLE_MODULES = YES;
				CLANG_ENABLE_OBJC_ARC = YES;
				CLANG_ENABLE_OBJC_WEAK = YES;
				CLANG_WARN_BLOCK_CAPTURE_AUTORELEASING = YES;
				CLANG_WARN_BOOL_CONVERSION = YES;
				CLANG_WARN_COMMA = YES;
				CLANG_WARN_CONSTANT_CONVERSION = YES;
				CLANG_WARN_DEPRECATED_OBJC_IMPLEMENTATIONS = YES;
				CLANG_WARN_DIRECT_OBJC_ISA_USAGE = YES_ERROR;
				CLANG_WARN_DOCUMENTATION_COMMENTS = YES;
				CLANG_WARN_EMPTY_BODY = YES;
				CLANG_WARN_ENUM_CONVERSION = YES;
				CLANG_WARN_INFINITE_RECURSION = YES;
				CLANG_WARN_INT_CONVERSION = YES;
				CLANG_WARN_NON_LITERAL_NULL_CONVERSION = YES;
				CLANG_WARN_OBJC_IMPLICIT_RETAIN_SELF = YES;
				CLANG_WARN_OBJC_LITERAL_CONVERSION = YES;
				CLANG_WARN_OBJC_ROOT_CLASS = YES_ERROR;
				CLANG_WARN_QUOTED_INCLUDE_IN_FRAMEWORK_HEADER = YES;
				CLANG_WARN_RANGE_LOOP_ANALYSIS = YES;
				CLANG_WARN_STRICT_PROTOTYPES = YES;
				CLANG_WARN_SUSPICIOUS_MOVE = YES;
				CLANG_WARN_UNGUARDED_AVAILABILITY = YES_AGGRESSIVE;
				CLANG_WARN_UNREACHABLE_CODE = YES;
				CLANG_WARN__DUPLICATE_METHOD_MATCH = YES;
				COPY_PHASE_STRIP = NO;
				DEBUG_INFORMATION_FORMAT = "dwarf-with-dsym";
				DEVELOPMENT_TEAM = 9S5F8693FB;
				ENABLE_NS_ASSERTIONS = NO;
				ENABLE_STRICT_OBJC_MSGSEND = YES;
				ENABLE_USER_SCRIPT_SANDBOXING = NO;
				GCC_C_LANGUAGE_STANDARD = gnu11;
				GCC_NO_COMMON_BLOCKS = YES;
				GCC_WARN_64_TO_32_BIT_CONVERSION = YES;
				GCC_WARN_ABOUT_RETURN_TYPE = YES_ERROR;
				GCC_WARN_UNDECLARED_SELECTOR = YES;
				GCC_WARN_UNINITIALIZED_AUTOS = YES_AGGRESSIVE;
				GCC_WARN_UNUSED_FUNCTION = YES;
				GCC_WARN_UNUSED_VARIABLE = YES;
				IPHONEOS_DEPLOYMENT_TARGET = 16.0;
				MTL_ENABLE_DEBUG_INFO = NO;
				MTL_FAST_MATH = YES;
				PRODUCT_NAME = "$(TARGET_NAME)";
				SDKROOT = iphoneos;
				SWIFT_COMPILATION_MODE = wholemodule;
				SWIFT_OPTIMIZATION_LEVEL = "-O";
				SWIFT_VERSION = 5.9;
			};
			name = Release;
		};
		55D18C3DC5EE18E9D4818C57 /* Debug */ = {
			isa = XCBuildConfiguration;
			buildSettings = {
				CODE_SIGN_ENTITLEMENTS = OneSignalNotificationServiceExtension/OneSignalNotificationServiceExtension.entitlements;
				CODE_SIGN_STYLE = Automatic;
				DEVELOPMENT_TEAM = 9S5F8693FB;
				GENERATE_INFOPLIST_FILE = NO;
				INFOPLIST_FILE = OneSignalNotificationServiceExtension/Info.plist;
				IPHONEOS_DEPLOYMENT_TARGET = 16.0;
				LD_RUNPATH_SEARCH_PATHS = (
					"$(inherited)",
					"@executable_path/Frameworks",
					"@executable_path/../../Frameworks",
				);
				PRODUCT_BUNDLE_IDENTIFIER = chat.git.OneSignalNotificationServiceExtension;
				SDKROOT = iphoneos;
				SKIP_INSTALL = NO;
				TARGETED_DEVICE_FAMILY = 1;
			};
			name = Debug;
		};
		B6CCE87CD5023925CA331036 /* Release */ = {
			isa = XCBuildConfiguration;
			buildSettings = {
				CODE_SIGN_ENTITLEMENTS = OneSignalNotificationServiceExtension/OneSignalNotificationServiceExtension.entitlements;
				CODE_SIGN_STYLE = Automatic;
				DEVELOPMENT_TEAM = 9S5F8693FB;
				GENERATE_INFOPLIST_FILE = NO;
				INFOPLIST_FILE = OneSignalNotificationServiceExtension/Info.plist;
				IPHONEOS_DEPLOYMENT_TARGET = 16.0;
				LD_RUNPATH_SEARCH_PATHS = (
					"$(inherited)",
					"@executable_path/Frameworks",
					"@executable_path/../../Frameworks",
				);
				PRODUCT_BUNDLE_IDENTIFIER = chat.git.OneSignalNotificationServiceExtension;
				SDKROOT = iphoneos;
				SKIP_INSTALL = NO;
				TARGETED_DEVICE_FAMILY = 1;
			};
			name = Release;
		};
		C561546A71D82EBA0A7A9F4F /* Release */ = {
			isa = XCBuildConfiguration;
			buildSettings = {
				ASSETCATALOG_COMPILER_APPICON_NAME = AppIcon;
				ASSETCATALOG_COMPILER_GLOBAL_ACCENT_COLOR_NAME = AccentColor;
				CODE_SIGN_ENTITLEMENTS = GitchatIOS/GitchatIOS.entitlements;
				CODE_SIGN_IDENTITY = "iPhone Developer";
				CODE_SIGN_STYLE = Automatic;
				DEVELOPMENT_TEAM = 9S5F8693FB;
				GENERATE_INFOPLIST_FILE = NO;
				INFOPLIST_FILE = GitchatIOS/Info.plist;
				IPHONEOS_DEPLOYMENT_TARGET = 16.0;
				LD_RUNPATH_SEARCH_PATHS = (
					"$(inherited)",
					"@executable_path/Frameworks",
				);
				PRODUCT_BUNDLE_IDENTIFIER = chat.git;
				SDKROOT = iphoneos;
				TARGETED_DEVICE_FAMILY = 1;
			};
			name = Release;
		};
		D0D2E08BF4C8E2A0813DE3E6 /* Debug */ = {
			isa = XCBuildConfiguration;
			buildSettings = {
				ALWAYS_SEARCH_USER_PATHS = NO;
				CLANG_ANALYZER_NONNULL = YES;
				CLANG_ANALYZER_NUMBER_OBJECT_CONVERSION = YES_AGGRESSIVE;
				CLANG_CXX_LANGUAGE_STANDARD = "gnu++14";
				CLANG_CXX_LIBRARY = "libc++";
				CLANG_ENABLE_MODULES = YES;
				CLANG_ENABLE_OBJC_ARC = YES;
				CLANG_ENABLE_OBJC_WEAK = YES;
				CLANG_WARN_BLOCK_CAPTURE_AUTORELEASING = YES;
				CLANG_WARN_BOOL_CONVERSION = YES;
				CLANG_WARN_COMMA = YES;
				CLANG_WARN_CONSTANT_CONVERSION = YES;
				CLANG_WARN_DEPRECATED_OBJC_IMPLEMENTATIONS = YES;
				CLANG_WARN_DIRECT_OBJC_ISA_USAGE = YES_ERROR;
				CLANG_WARN_DOCUMENTATION_COMMENTS = YES;
				CLANG_WARN_EMPTY_BODY = YES;
				CLANG_WARN_ENUM_CONVERSION = YES;
				CLANG_WARN_INFINITE_RECURSION = YES;
				CLANG_WARN_INT_CONVERSION = YES;
				CLANG_WARN_NON_LITERAL_NULL_CONVERSION = YES;
				CLANG_WARN_OBJC_IMPLICIT_RETAIN_SELF = YES;
				CLANG_WARN_OBJC_LITERAL_CONVERSION = YES;
				CLANG_WARN_OBJC_ROOT_CLASS = YES_ERROR;
				CLANG_WARN_QUOTED_INCLUDE_IN_FRAMEWORK_HEADER = YES;
				CLANG_WARN_RANGE_LOOP_ANALYSIS = YES;
				CLANG_WARN_STRICT_PROTOTYPES = YES;
				CLANG_WARN_SUSPICIOUS_MOVE = YES;
				CLANG_WARN_UNGUARDED_AVAILABILITY = YES_AGGRESSIVE;
				CLANG_WARN_UNREACHABLE_CODE = YES;
				CLANG_WARN__DUPLICATE_METHOD_MATCH = YES;
				COPY_PHASE_STRIP = NO;
				DEBUG_INFORMATION_FORMAT = dwarf;
				DEVELOPMENT_TEAM = 9S5F8693FB;
				ENABLE_STRICT_OBJC_MSGSEND = YES;
				ENABLE_TESTABILITY = YES;
				ENABLE_USER_SCRIPT_SANDBOXING = NO;
				GCC_C_LANGUAGE_STANDARD = gnu11;
				GCC_DYNAMIC_NO_PIC = NO;
				GCC_NO_COMMON_BLOCKS = YES;
				GCC_OPTIMIZATION_LEVEL = 0;
				GCC_PREPROCESSOR_DEFINITIONS = (
					"$(inherited)",
					"DEBUG=1",
				);
				GCC_WARN_64_TO_32_BIT_CONVERSION = YES;
				GCC_WARN_ABOUT_RETURN_TYPE = YES_ERROR;
				GCC_WARN_UNDECLARED_SELECTOR = YES;
				GCC_WARN_UNINITIALIZED_AUTOS = YES_AGGRESSIVE;
				GCC_WARN_UNUSED_FUNCTION = YES;
				GCC_WARN_UNUSED_VARIABLE = YES;
				IPHONEOS_DEPLOYMENT_TARGET = 16.0;
				MTL_ENABLE_DEBUG_INFO = INCLUDE_SOURCE;
				MTL_FAST_MATH = YES;
				ONLY_ACTIVE_ARCH = YES;
				PRODUCT_NAME = "$(TARGET_NAME)";
				SDKROOT = iphoneos;
				SWIFT_ACTIVE_COMPILATION_CONDITIONS = DEBUG;
				SWIFT_OPTIMIZATION_LEVEL = "-Onone";
				SWIFT_VERSION = 5.9;
			};
			name = Debug;
		};
/* End XCBuildConfiguration section */

/* Begin XCConfigurationList section */
		21198B8F3C613CE63360E551 /* Build configuration list for PBXProject "GitchatIOS" */ = {
			isa = XCConfigurationList;
			buildConfigurations = (
				D0D2E08BF4C8E2A0813DE3E6 /* Debug */,
				46F0AA835EF715E8551CC421 /* Release */,
			);
			defaultConfigurationIsVisible = 0;
			defaultConfigurationName = Debug;
		};
		26487D8E52E2520DB3B4C8C8 /* Build configuration list for PBXNativeTarget "GitchatIOS" */ = {
			isa = XCConfigurationList;
			buildConfigurations = (
				0147FDD3494219CD15F87115 /* Debug */,
				C561546A71D82EBA0A7A9F4F /* Release */,
			);
			defaultConfigurationIsVisible = 0;
			defaultConfigurationName = Debug;
		};
		DBA9CCB182E4CD108DE81D78 /* Build configuration list for PBXNativeTarget "OneSignalNotificationServiceExtension" */ = {
			isa = XCConfigurationList;
			buildConfigurations = (
				55D18C3DC5EE18E9D4818C57 /* Debug */,
				B6CCE87CD5023925CA331036 /* Release */,
			);
			defaultConfigurationIsVisible = 0;
			defaultConfigurationName = Debug;
		};
/* End XCConfigurationList section */

/* Begin XCRemoteSwiftPackageReference section */
		54FDF3E780D095E7409D8D66 /* XCRemoteSwiftPackageReference "OneSignal-XCFramework" */ = {
			isa = XCRemoteSwiftPackageReference;
			repositoryURL = "https://github.com/OneSignal/OneSignal-XCFramework";
			requirement = {
				kind = upToNextMajorVersion;
				minimumVersion = 5.2.0;
			};
		};
		E1782BB53418C29B1B40C23D /* XCRemoteSwiftPackageReference "socket.io-client-swift" */ = {
			isa = XCRemoteSwiftPackageReference;
			repositoryURL = "https://github.com/socketio/socket.io-client-swift";
			requirement = {
				kind = upToNextMajorVersion;
				minimumVersion = 16.1.0;
			};
		};
/* End XCRemoteSwiftPackageReference section */

/* Begin XCSwiftPackageProductDependency section */
		37D9D440E2615CB0D8C2247A /* OneSignalFramework */ = {
			isa = XCSwiftPackageProductDependency;
			package = 54FDF3E780D095E7409D8D66 /* XCRemoteSwiftPackageReference "OneSignal-XCFramework" */;
			productName = OneSignalFramework;
		};
		A804AE540868411FDE202E67 /* OneSignalExtension */ = {
			isa = XCSwiftPackageProductDependency;
			package = 54FDF3E780D095E7409D8D66 /* XCRemoteSwiftPackageReference "OneSignal-XCFramework" */;
			productName = OneSignalExtension;
		};
		E40E297012AF55791D27B93E /* SocketIO */ = {
			isa = XCSwiftPackageProductDependency;
			package = E1782BB53418C29B1B40C23D /* XCRemoteSwiftPackageReference "socket.io-client-swift" */;
			productName = SocketIO;
		};
/* End XCSwiftPackageProductDependency section */
	};
	rootObject = DE209328F4293473D3365D39 /* Project object */;
}
